PODS:
  - Google-Mobile-Ads-SDK (11.8.0):
    - GoogleUserMessagingPlatform (>= 1.1)
  - GoogleUserMessagingPlatform (2.5.0)
  - PrebidMobile (2.2.3):
    - PrebidMobile/core (= 2.2.3)
  - PrebidMobile/core (2.2.3)
  - PrebidMobileGAMEventHandlers (2.2.3):
    - Google-Mobile-Ads-SDK
    - PrebidMobile (= 2.2.3)
  - SQLite.swift (0.14.1):
    - SQLite.swift/standard (= 0.14.1)
  - SQLite.swift/standard (0.14.1)

DEPENDENCIES:
  - PrebidMobile
  - PrebidMobileGAMEventHandlers
  - SQLite.swift (~> 0.14.0)

SPEC REPOS:
  trunk:
    - Google-Mobile-Ads-SDK
    - GoogleUserMessagingPlatform
    - PrebidMobile
    - PrebidMobileGAMEventHandlers
    - SQLite.swift

SPEC CHECKSUMS:
  Google-Mobile-Ads-SDK: c1c53687b572122c5b0bdaf354335bbf40fd81ef
  GoogleUserMessagingPlatform: 6b4f48a370e77ce121d034c908cc6ee4fdafaf13
  PrebidMobile: 82d8ae0c61bad3fd0f13528795b5f4b1cc83f967
  PrebidMobileGAMEventHandlers: 3d432226f93931c0ed5423a609730a41202a8a6a
  SQLite.swift: 2992550ebf3c5b268bf4352603e3df87d2a4ed72

PODFILE CHECKSUM: 80aa0906ce59a72207b48b6d956a725c694bc361

COCOAPODS: 1.15.2
