// !$*UTF8*$!
{
	archiveVersion = 1;
	classes = {
	};
	objectVersion = 56;
	objects = {

/* Begin PBXBuildFile section */
		3301C99924411D817F951553 /* Pods_AudienzziOSSDK.framework in Frameworks */ = {isa = PBXBuildFile; fileRef = 9CA96F58A8F713503B5F2208 /* Pods_AudienzziOSSDK.framework */; };
		5822564A2BCD20B100CCCB2A /* AudienzzGAMUtils.swift in Sources */ = {isa = PBXBuildFile; fileRef = 582256492BCD20B100CCCB2A /* AudienzzGAMUtils.swift */; };
		582428742C10A1F3004539DD /* AURewardedHandler.swift in Sources */ = {isa = PBXBuildFile; fileRef = 582428732C10A1F3004539DD /* AURewardedHandler.swift */; };
		58249AF42BBEB89400E5C4C6 /* AUNativeBannerView.swift in Sources */ = {isa = PBXBuildFile; fileRef = 58249AF32BBEB89400E5C4C6 /* AUNativeBannerView.swift */; };
		58249B082BC036BB00E5C4C6 /* AURewardedView.swift in Sources */ = {isa = PBXBuildFile; fileRef = 58249B072BC036BB00E5C4C6 /* AURewardedView.swift */; };
		58249B0A2BC04FCF00E5C4C6 /* AUAdViewUtils.swift in Sources */ = {isa = PBXBuildFile; fileRef = 58249B092BC04FCF00E5C4C6 /* AUAdViewUtils.swift */; };
		58249B0D2BC3F70600E5C4C6 /* AUInstreamView.swift in Sources */ = {isa = PBXBuildFile; fileRef = 58249B0C2BC3F70600E5C4C6 /* AUInstreamView.swift */; };
		58249B162BC56CA200E5C4C6 /* AUMultiplatformView.swift in Sources */ = {isa = PBXBuildFile; fileRef = 58249B152BC56CA200E5C4C6 /* AUMultiplatformView.swift */; };
		58249B1A2BC5747200E5C4C6 /* AUBannerParameters.swift in Sources */ = {isa = PBXBuildFile; fileRef = 58249B192BC5747200E5C4C6 /* AUBannerParameters.swift */; };
		58249B1C2BC575BA00E5C4C6 /* AUBannerParameters_Private.swift in Sources */ = {isa = PBXBuildFile; fileRef = 58249B1B2BC575BA00E5C4C6 /* AUBannerParameters_Private.swift */; };
		58249B1E2BC57B4E00E5C4C6 /* AUNativeRequestParameter_Private.swift in Sources */ = {isa = PBXBuildFile; fileRef = 58249B1D2BC57B4E00E5C4C6 /* AUNativeRequestParameter_Private.swift */; };
		58392B842C5A50B4002AC5A5 /* AUInternalResultCode.swift in Sources */ = {isa = PBXBuildFile; fileRef = 58392B832C5A50B4002AC5A5 /* AUInternalResultCode.swift */; };
		58392B862C5B79E5002AC5A5 /* AUUniqHelper.swift in Sources */ = {isa = PBXBuildFile; fileRef = 58392B852C5B79E5002AC5A5 /* AUUniqHelper.swift */; };
		583B554B2BD66D2E00226302 /* AUMORTBAppContent.swift in Sources */ = {isa = PBXBuildFile; fileRef = 583B554A2BD66D2E00226302 /* AUMORTBAppContent.swift */; };
		583B55552BD66F5B00226302 /* AUMORTBAppContent_Internal.swift in Sources */ = {isa = PBXBuildFile; fileRef = 583B55542BD66F5A00226302 /* AUMORTBAppContent_Internal.swift */; };
		583B55592BD671A900226302 /* AUMORTBContentData.swift in Sources */ = {isa = PBXBuildFile; fileRef = 583B55582BD671A900226302 /* AUMORTBContentData.swift */; };
		583B555B2BD6727F00226302 /* AUMORTBContentData_Internal.swift in Sources */ = {isa = PBXBuildFile; fileRef = 583B555A2BD6727F00226302 /* AUMORTBContentData_Internal.swift */; };
		584359542C0A204000AB8FDA /* AUInterstitialHandler.swift in Sources */ = {isa = PBXBuildFile; fileRef = 584359532C0A204000AB8FDA /* AUInterstitialHandler.swift */; };
		58436A8A2C060F9200E83155 /* UIViewExtension.swift in Sources */ = {isa = PBXBuildFile; fileRef = 58436A892C060F9200E83155 /* UIViewExtension.swift */; };
		58436A9B2C0622BD00E83155 /* AULocalStorageService.swift in Sources */ = {isa = PBXBuildFile; fileRef = 58436A9A2C0622BD00E83155 /* AULocalStorageService.swift */; };
		58436A9E2C0622F600E83155 /* AULocalStorageAdditions.swift in Sources */ = {isa = PBXBuildFile; fileRef = 58436A9D2C0622F600E83155 /* AULocalStorageAdditions.swift */; };
		58436AA02C06231200E83155 /* AUSQLiteDataBaseCreator.swift in Sources */ = {isa = PBXBuildFile; fileRef = 58436A9F2C06231200E83155 /* AUSQLiteDataBaseCreator.swift */; };
		58436AA22C06233A00E83155 /* AUSQLiteConfigurator.swift in Sources */ = {isa = PBXBuildFile; fileRef = 58436AA12C06233A00E83155 /* AUSQLiteConfigurator.swift */; };
		58436AAC2C0709D800E83155 /* AUEventsManager.swift in Sources */ = {isa = PBXBuildFile; fileRef = 58436AAB2C0709D800E83155 /* AUEventsManager.swift */; };
		58436AB62C07619000E83155 /* AUEventsNetworkManager.swift in Sources */ = {isa = PBXBuildFile; fileRef = 58436AB52C07618F00E83155 /* AUEventsNetworkManager.swift */; };
		58436ABC2C076C1F00E83155 /* AUHTTPType.swift in Sources */ = {isa = PBXBuildFile; fileRef = 58436ABB2C076C1F00E83155 /* AUHTTPType.swift */; };
		58436ABE2C08707800E83155 /* Common.swift in Sources */ = {isa = PBXBuildFile; fileRef = 58436ABD2C08707800E83155 /* Common.swift */; };
		58436AC32C08AAE900E83155 /* AUEventDB.swift in Sources */ = {isa = PBXBuildFile; fileRef = 58436AC22C08AAE800E83155 /* AUEventDB.swift */; };
		58436AC52C09BD7800E83155 /* AUBidWinnerEven.swift in Sources */ = {isa = PBXBuildFile; fileRef = 58436AC42C09BD7800E83155 /* AUBidWinnerEven.swift */; };
		58436AC72C09BD9B00E83155 /* AUAdClickEvent.swift in Sources */ = {isa = PBXBuildFile; fileRef = 58436AC62C09BD9B00E83155 /* AUAdClickEvent.swift */; };
		58436ACB2C09BDEF00E83155 /* AUBidRequestEvent.swift in Sources */ = {isa = PBXBuildFile; fileRef = 58436ACA2C09BDEE00E83155 /* AUBidRequestEvent.swift */; };
		58436ACD2C09BE1200E83155 /* AUAdCreationEvent.swift in Sources */ = {isa = PBXBuildFile; fileRef = 58436ACC2C09BE1200E83155 /* AUAdCreationEvent.swift */; };
		58436ACF2C09BE3C00E83155 /* AUCloseAdEvent.swift in Sources */ = {isa = PBXBuildFile; fileRef = 58436ACE2C09BE3C00E83155 /* AUCloseAdEvent.swift */; };
		58436AD12C09BE6200E83155 /* AUFailedLoadEvent.swift in Sources */ = {isa = PBXBuildFile; fileRef = 58436AD02C09BE6200E83155 /* AUFailedLoadEvent.swift */; };
		58436AD52C09C5BC00E83155 /* AUBannerHandler.swift in Sources */ = {isa = PBXBuildFile; fileRef = 58436AD42C09C5BB00E83155 /* AUBannerHandler.swift */; };
		584392002BBD63640053B583 /* AUContextType.swift in Sources */ = {isa = PBXBuildFile; fileRef = 584391FF2BBD63640053B583 /* AUContextType.swift */; };
		584392022BBD84E20053B583 /* AUContextSubType.swift in Sources */ = {isa = PBXBuildFile; fileRef = 584392012BBD84E20053B583 /* AUContextSubType.swift */; };
		584392042BBD88A50053B583 /* AUPlacementType.swift in Sources */ = {isa = PBXBuildFile; fileRef = 584392032BBD88A50053B583 /* AUPlacementType.swift */; };
		584392062BBD908A0053B583 /* AUAssets.swift in Sources */ = {isa = PBXBuildFile; fileRef = 584392052BBD908A0053B583 /* AUAssets.swift */; };
		584392082BBD931F0053B583 /* AUNativeRequestParameter.swift in Sources */ = {isa = PBXBuildFile; fileRef = 584392072BBD931F0053B583 /* AUNativeRequestParameter.swift */; };
		5856084B2BAC7A3B00F9F073 /* AUAdView.swift in Sources */ = {isa = PBXBuildFile; fileRef = 5856084A2BAC7A3B00F9F073 /* AUAdView.swift */; };
		5856084C2BAC7A3B00F9F073 /* AUAdView.swift in Sources */ = {isa = PBXBuildFile; fileRef = 5856084A2BAC7A3B00F9F073 /* AUAdView.swift */; };
		5856086E2BADD62A00F9F073 /* AdVideoPropertyParameters.swift in Sources */ = {isa = PBXBuildFile; fileRef = 5856086D2BADD62A00F9F073 /* AdVideoPropertyParameters.swift */; };
		5856086F2BADD62A00F9F073 /* AdVideoPropertyParameters.swift in Sources */ = {isa = PBXBuildFile; fileRef = 5856086D2BADD62A00F9F073 /* AdVideoPropertyParameters.swift */; };
		585608742BB18E2F00F9F073 /* AUVideoParameters.swift in Sources */ = {isa = PBXBuildFile; fileRef = 585608732BB18E2F00F9F073 /* AUVideoParameters.swift */; };
		585608752BB18E2F00F9F073 /* AUVideoParameters.swift in Sources */ = {isa = PBXBuildFile; fileRef = 585608732BB18E2F00F9F073 /* AUVideoParameters.swift */; };
		585608772BB190BE00F9F073 /* AUInterstitialView.swift in Sources */ = {isa = PBXBuildFile; fileRef = 585608762BB190BE00F9F073 /* AUInterstitialView.swift */; };
		585608782BB190BE00F9F073 /* AUInterstitialView.swift in Sources */ = {isa = PBXBuildFile; fileRef = 585608762BB190BE00F9F073 /* AUInterstitialView.swift */; };
		585608922BB4563C00F9F073 /* AUNativeView.swift in Sources */ = {isa = PBXBuildFile; fileRef = 585608912BB4563C00F9F073 /* AUNativeView.swift */; };
		585A43422C3EB62200A883A7 /* AURequestBuilder.swift in Sources */ = {isa = PBXBuildFile; fileRef = 58AECFE82C2979800020E98D /* AURequestBuilder.swift */; };
		585A434B2C3EB63500A883A7 /* AUBatchResultModel.swift in Sources */ = {isa = PBXBuildFile; fileRef = 58AECFEB2C299C380020E98D /* AUBatchResultModel.swift */; };
		585A434C2C3EB64A00A883A7 /* AUAPIError.swift in Sources */ = {isa = PBXBuildFile; fileRef = 58AECFEF2C29B9C70020E98D /* AUAPIError.swift */; };
		585A796A2BC96C92005D531C /* AUBannerRenderingView.swift in Sources */ = {isa = PBXBuildFile; fileRef = 585A79692BC96C92005D531C /* AUBannerRenderingView.swift */; };
		585A796C2BC9708B005D531C /* AUBannerRenderingAdDelegate.swift in Sources */ = {isa = PBXBuildFile; fileRef = 585A796B2BC9708B005D531C /* AUBannerRenderingAdDelegate.swift */; };
		585A79722BC97FDF005D531C /* AUInterstitialRenderingView.swift in Sources */ = {isa = PBXBuildFile; fileRef = 585A79712BC97FDF005D531C /* AUInterstitialRenderingView.swift */; };
		585A79742BC9811D005D531C /* AUInterstitialenderingAdDelegate.swift in Sources */ = {isa = PBXBuildFile; fileRef = 585A79732BC9811D005D531C /* AUInterstitialenderingAdDelegate.swift */; };
		586753FD2C4F9B94005937C2 /* DateExtension.swift in Sources */ = {isa = PBXBuildFile; fileRef = 586753FC2C4F9B94005937C2 /* DateExtension.swift */; };
		586A878C2BC936D200F997BD /* AURewardedRenderingView.swift in Sources */ = {isa = PBXBuildFile; fileRef = 586A878B2BC936D200F997BD /* AURewardedRenderingView.swift */; };
		586A878E2BC946FE00F997BD /* AURewardedAdUnitDelegate.swift in Sources */ = {isa = PBXBuildFile; fileRef = 586A878D2BC946FE00F997BD /* AURewardedAdUnitDelegate.swift */; };
		586C6C002BDBF35B008AA84C /* AUAdUnitConfiguration_Private.swift in Sources */ = {isa = PBXBuildFile; fileRef = 586C6BFF2BDBF35B008AA84C /* AUAdUnitConfiguration_Private.swift */; };
		587512A32BA36053004BB7E9 /* VisibleView.swift in Sources */ = {isa = PBXBuildFile; fileRef = 587512A22BA36053004BB7E9 /* VisibleView.swift */; };
		5890CFEF2BD150F20034E2FD /* AUAdParameters.swift in Sources */ = {isa = PBXBuildFile; fileRef = 5890CFEE2BD150F20034E2FD /* AUAdParameters.swift */; };
		5890D0092BD29F9E0034E2FD /* AUAdUnitConfiguration.swift in Sources */ = {isa = PBXBuildFile; fileRef = 5890D0082BD29F9E0034E2FD /* AUAdUnitConfiguration.swift */; };
		58927A1A2BE0E412001A0F45 /* AUAdFormat.swift in Sources */ = {isa = PBXBuildFile; fileRef = 58927A192BE0E412001A0F45 /* AUAdFormat.swift */; };
		58927A242BE0E5DA001A0F45 /* AUBannerView.swift in Sources */ = {isa = PBXBuildFile; fileRef = 58927A232BE0E5DA001A0F45 /* AUBannerView.swift */; };
		5896C9412C202DD000BB434E /* AURewardedRenderingDelegateType.swift in Sources */ = {isa = PBXBuildFile; fileRef = 5896C9402C202DCF00BB434E /* AURewardedRenderingDelegateType.swift */; };
		5896C94B2C203D4700BB434E /* AUInterstitialRenderingDelegateType.swift in Sources */ = {isa = PBXBuildFile; fileRef = 5896C94A2C203D4700BB434E /* AUInterstitialRenderingDelegateType.swift */; };
		5896C94E2C2044BD00BB434E /* AUInterstitialRenderingConfiguration.swift in Sources */ = {isa = PBXBuildFile; fileRef = 5896C94D2C2044BD00BB434E /* AUInterstitialRenderingConfiguration.swift */; };
		5896C9502C20457B00BB434E /* AURewardedRenderingConfiguration.swift in Sources */ = {isa = PBXBuildFile; fileRef = 5896C94F2C20457B00BB434E /* AURewardedRenderingConfiguration.swift */; };
		58AECFDF2C2975F70020E98D /* BatchModel.swift in Sources */ = {isa = PBXBuildFile; fileRef = 58AECFDE2C2975F70020E98D /* BatchModel.swift */; };
		58AECFE92C2979800020E98D /* AURequestBuilder.swift in Sources */ = {isa = PBXBuildFile; fileRef = 58AECFE82C2979800020E98D /* AURequestBuilder.swift */; };
		58AECFEC2C299C380020E98D /* AUBatchResultModel.swift in Sources */ = {isa = PBXBuildFile; fileRef = 58AECFEB2C299C380020E98D /* AUBatchResultModel.swift */; };
		58AECFEE2C299D6C0020E98D /* AUVisitorResultModel.swift in Sources */ = {isa = PBXBuildFile; fileRef = 58AECFED2C299D6C0020E98D /* AUVisitorResultModel.swift */; };
		58AECFF02C29B9C70020E98D /* AUAPIError.swift in Sources */ = {isa = PBXBuildFile; fileRef = 58AECFEF2C29B9C70020E98D /* AUAPIError.swift */; };
		58B90CF12C19ABFB00BA6E1B /* AULogEvent.swift in Sources */ = {isa = PBXBuildFile; fileRef = 58B90CF02C19ABFB00BA6E1B /* AULogEvent.swift */; };
		58B90CFB2C19DF4200BA6E1B /* AUAdUnitConfigurationProtocols.swift in Sources */ = {isa = PBXBuildFile; fileRef = 58B90CFA2C19DF4200BA6E1B /* AUAdUnitConfigurationProtocols.swift */; };
		58BEA82E2BE522E5004D86F6 /* AUResultCode.swift in Sources */ = {isa = PBXBuildFile; fileRef = 58BEA82D2BE522E5004D86F6 /* AUResultCode.swift */; };
		58D078AF2C23132A00D49175 /* TestableModel.swift in Sources */ = {isa = PBXBuildFile; fileRef = 58D078AC2C23132A00D49175 /* TestableModel.swift */; };
		58D078B02C23132A00D49175 /* ModelsMapperTests.swift in Sources */ = {isa = PBXBuildFile; fileRef = 58D078AE2C23132A00D49175 /* ModelsMapperTests.swift */; };
		58D078B32C23133900D49175 /* AULocalServiceTests.swift in Sources */ = {isa = PBXBuildFile; fileRef = 58D078B12C23133900D49175 /* AULocalServiceTests.swift */; };
		58D078B42C23133900D49175 /* AULocalStorageServiceTests.swift in Sources */ = {isa = PBXBuildFile; fileRef = 58D078B22C23133900D49175 /* AULocalStorageServiceTests.swift */; };
		58D9BC342BE9053A000C4149 /* AUBannerView_Private.swift in Sources */ = {isa = PBXBuildFile; fileRef = 58D9BC332BE9053A000C4149 /* AUBannerView_Private.swift */; };
		58D9BC3E2BE913F2000C4149 /* AUInterstitialView_Private.swift in Sources */ = {isa = PBXBuildFile; fileRef = 58D9BC3D2BE913F2000C4149 /* AUInterstitialView_Private.swift */; };
		58D9BC402BE9150A000C4149 /* AUNativeView_Private.swift in Sources */ = {isa = PBXBuildFile; fileRef = 58D9BC3F2BE9150A000C4149 /* AUNativeView_Private.swift */; };
		58D9BC432BE919F0000C4149 /* AUNativeBannerView_Private.swift in Sources */ = {isa = PBXBuildFile; fileRef = 58D9BC422BE919F0000C4149 /* AUNativeBannerView_Private.swift */; };
		58D9BC452BE91FB8000C4149 /* AURewardedView_Private.swift in Sources */ = {isa = PBXBuildFile; fileRef = 58D9BC442BE91FB8000C4149 /* AURewardedView_Private.swift */; };
		58D9BC472BE922E1000C4149 /* AUInstreamView_Private.swift in Sources */ = {isa = PBXBuildFile; fileRef = 58D9BC462BE922E1000C4149 /* AUInstreamView_Private.swift */; };
		58D9BC492BE9291C000C4149 /* AUMultiplatformView_Private.swift in Sources */ = {isa = PBXBuildFile; fileRef = 58D9BC482BE9291C000C4149 /* AUMultiplatformView_Private.swift */; };
		58D9BC4F2BEA109A000C4149 /* AUBannerRenderingConfiguration.swift in Sources */ = {isa = PBXBuildFile; fileRef = 58D9BC4E2BEA109A000C4149 /* AUBannerRenderingConfiguration.swift */; };
		58D9BC592BEA1A41000C4149 /* AUAdPosition.swift in Sources */ = {isa = PBXBuildFile; fileRef = 58D9BC582BEA1A41000C4149 /* AUAdPosition.swift */; };
		58D9BC5B2BEB8996000C4149 /* AUVideoParameters_Private.swift in Sources */ = {isa = PBXBuildFile; fileRef = 58D9BC5A2BEB8996000C4149 /* AUVideoParameters_Private.swift */; };
		58D9BC5D2BEBAAF7000C4149 /* AUNativeAd.swift in Sources */ = {isa = PBXBuildFile; fileRef = 58D9BC5C2BEBAAF7000C4149 /* AUNativeAd.swift */; };
		58D9BC602BEBAEBB000C4149 /* AUNativeTitle.swift in Sources */ = {isa = PBXBuildFile; fileRef = 58D9BC5F2BEBAEBB000C4149 /* AUNativeTitle.swift */; };
		58D9BC622BEBB06B000C4149 /* AuNativeImage.swift in Sources */ = {isa = PBXBuildFile; fileRef = 58D9BC612BEBB06B000C4149 /* AuNativeImage.swift */; };
		58D9BC642BEBB1A2000C4149 /* AUNativeData.swift in Sources */ = {isa = PBXBuildFile; fileRef = 58D9BC632BEBB1A2000C4149 /* AUNativeData.swift */; };
		58D9BC662BEBB234000C4149 /* AUNativeLink.swift in Sources */ = {isa = PBXBuildFile; fileRef = 58D9BC652BEBB234000C4149 /* AUNativeLink.swift */; };
		58D9BC682BEBB3E7000C4149 /* AUNativeEventTrackerResponse.swift in Sources */ = {isa = PBXBuildFile; fileRef = 58D9BC672BEBB3E7000C4149 /* AUNativeEventTrackerResponse.swift */; };
		58D9BC6A2BEBB48D000C4149 /* AUNativeAdMarkupAsset.swift in Sources */ = {isa = PBXBuildFile; fileRef = 58D9BC692BEBB48D000C4149 /* AUNativeAdMarkupAsset.swift */; };
		58D9BC6C2BEBB66A000C4149 /* AUNativeAdMarkup.swift in Sources */ = {isa = PBXBuildFile; fileRef = 58D9BC6B2BEBB66A000C4149 /* AUNativeAdMarkup.swift */; };
		58D9BC6E2BEBBAE9000C4149 /* AUNativeDataAssetType.swift in Sources */ = {isa = PBXBuildFile; fileRef = 58D9BC6D2BEBBAE9000C4149 /* AUNativeDataAssetType.swift */; };
		58D9BC702BEBBC6E000C4149 /* AUNativeImageAssetType.swift in Sources */ = {isa = PBXBuildFile; fileRef = 58D9BC6F2BEBBC6E000C4149 /* AUNativeImageAssetType.swift */; };
		58D9BC722BEBBD0D000C4149 /* AUNativeAdEventDelegate.swift in Sources */ = {isa = PBXBuildFile; fileRef = 58D9BC712BEBBD0D000C4149 /* AUNativeAdEventDelegate.swift */; };
		58DCF5472BDFCCAC00683A3E /* AUNativeAsset.swift in Sources */ = {isa = PBXBuildFile; fileRef = 58DCF5462BDFCCAC00683A3E /* AUNativeAsset.swift */; };
		58DCF5492BDFDC4E00683A3E /* AUNativeEventTracker.swift in Sources */ = {isa = PBXBuildFile; fileRef = 58DCF5482BDFDC4E00683A3E /* AUNativeEventTracker.swift */; };
		58E029752BAAE9EF0051E8D6 /* Audienzz.swift in Sources */ = {isa = PBXBuildFile; fileRef = 58E029742BAAE9EF0051E8D6 /* Audienzz.swift */; };
		58EB06B32C2194B100CE6E86 /* AULogEvent.swift in Sources */ = {isa = PBXBuildFile; fileRef = 58B90CF02C19ABFB00BA6E1B /* AULogEvent.swift */; };
		58EB06BC2C2194B300CE6E86 /* AURewardedHandler.swift in Sources */ = {isa = PBXBuildFile; fileRef = 582428732C10A1F3004539DD /* AURewardedHandler.swift */; };
		58EB06BD2C2194B800CE6E86 /* AUInterstitialHandler.swift in Sources */ = {isa = PBXBuildFile; fileRef = 584359532C0A204000AB8FDA /* AUInterstitialHandler.swift */; };
		58EB06BE2C2194BA00CE6E86 /* AUBannerHandler.swift in Sources */ = {isa = PBXBuildFile; fileRef = 58436AD42C09C5BB00E83155 /* AUBannerHandler.swift */; };
		58EB06BF2C2194BF00CE6E86 /* AUScreenImpressionManager.swift in Sources */ = {isa = PBXBuildFile; fileRef = 58F8BD0F2C1701A900E08F1E /* AUScreenImpressionManager.swift */; };
		58EB06C02C2194C100CE6E86 /* AUEventsManager.swift in Sources */ = {isa = PBXBuildFile; fileRef = 58436AAB2C0709D800E83155 /* AUEventsManager.swift */; };
		58EB06C12C2194C700CE6E86 /* AULocalStorageService.swift in Sources */ = {isa = PBXBuildFile; fileRef = 58436A9A2C0622BD00E83155 /* AULocalStorageService.swift */; };
		58EB06C22C2194CB00CE6E86 /* AUEventDB.swift in Sources */ = {isa = PBXBuildFile; fileRef = 58436AC22C08AAE800E83155 /* AUEventDB.swift */; };
		58EB06C32C2194D200CE6E86 /* AULocalStorageAdditions.swift in Sources */ = {isa = PBXBuildFile; fileRef = 58436A9D2C0622F600E83155 /* AULocalStorageAdditions.swift */; };
		58EB06C42C2194D200CE6E86 /* AUSQLiteDataBaseCreator.swift in Sources */ = {isa = PBXBuildFile; fileRef = 58436A9F2C06231200E83155 /* AUSQLiteDataBaseCreator.swift */; };
		58EB06C52C2194D200CE6E86 /* AUSQLiteConfigurator.swift in Sources */ = {isa = PBXBuildFile; fileRef = 58436AA12C06233A00E83155 /* AUSQLiteConfigurator.swift */; };
		58EB06C62C2194E300CE6E86 /* AUEventsNetworkManager.swift in Sources */ = {isa = PBXBuildFile; fileRef = 58436AB52C07618F00E83155 /* AUEventsNetworkManager.swift */; };
		58EB06C72C2194E300CE6E86 /* AUFailedLoadEvent.swift in Sources */ = {isa = PBXBuildFile; fileRef = 58436AD02C09BE6200E83155 /* AUFailedLoadEvent.swift */; };
		58EB06C82C2194E300CE6E86 /* AUAdCreationEvent.swift in Sources */ = {isa = PBXBuildFile; fileRef = 58436ACC2C09BE1200E83155 /* AUAdCreationEvent.swift */; };
		58EB06C92C2194E300CE6E86 /* AUScreenImpression.swift in Sources */ = {isa = PBXBuildFile; fileRef = 58F8BD052C1700BA00E08F1E /* AUScreenImpression.swift */; };
		58EB06CA2C2194E300CE6E86 /* AUHTTPType.swift in Sources */ = {isa = PBXBuildFile; fileRef = 58436ABB2C076C1F00E83155 /* AUHTTPType.swift */; };
		58EB06CB2C2194E300CE6E86 /* AUBidRequestEvent.swift in Sources */ = {isa = PBXBuildFile; fileRef = 58436ACA2C09BDEE00E83155 /* AUBidRequestEvent.swift */; };
		58EB06CC2C2194E300CE6E86 /* Common.swift in Sources */ = {isa = PBXBuildFile; fileRef = 58436ABD2C08707800E83155 /* Common.swift */; };
		58EB06CD2C2194E300CE6E86 /* AUCloseAdEvent.swift in Sources */ = {isa = PBXBuildFile; fileRef = 58436ACE2C09BE3C00E83155 /* AUCloseAdEvent.swift */; };
		58EB06CF2C2194E300CE6E86 /* AUBidWinnerEven.swift in Sources */ = {isa = PBXBuildFile; fileRef = 58436AC42C09BD7800E83155 /* AUBidWinnerEven.swift */; };
		58EB06D02C2194E300CE6E86 /* AUAdClickEvent.swift in Sources */ = {isa = PBXBuildFile; fileRef = 58436AC62C09BD9B00E83155 /* AUAdClickEvent.swift */; };
		58EB06D52C21957100CE6E86 /* AUBannerView.swift in Sources */ = {isa = PBXBuildFile; fileRef = 58927A232BE0E5DA001A0F45 /* AUBannerView.swift */; };
		58EB06DE2C21957800CE6E86 /* AUAdUnitConfigurationProtocols.swift in Sources */ = {isa = PBXBuildFile; fileRef = 58B90CFA2C19DF4200BA6E1B /* AUAdUnitConfigurationProtocols.swift */; };
		58EB06DF2C21958E00CE6E86 /* AUAdFormat.swift in Sources */ = {isa = PBXBuildFile; fileRef = 58927A192BE0E412001A0F45 /* AUAdFormat.swift */; };
		58EB06E02C2195A100CE6E86 /* AURewardedView.swift in Sources */ = {isa = PBXBuildFile; fileRef = 58249B072BC036BB00E5C4C6 /* AURewardedView.swift */; };
		58EB06E12C2195A800CE6E86 /* VisibleView.swift in Sources */ = {isa = PBXBuildFile; fileRef = 587512A22BA36053004BB7E9 /* VisibleView.swift */; };
		58EB06E22C2195B700CE6E86 /* AUAdParameters.swift in Sources */ = {isa = PBXBuildFile; fileRef = 5890CFEE2BD150F20034E2FD /* AUAdParameters.swift */; };
		58EB06E32C2195C400CE6E86 /* AUMORTBAppContent.swift in Sources */ = {isa = PBXBuildFile; fileRef = 583B554A2BD66D2E00226302 /* AUMORTBAppContent.swift */; };
		58EB06E42C2195C800CE6E86 /* AUMORTBContentData.swift in Sources */ = {isa = PBXBuildFile; fileRef = 583B55582BD671A900226302 /* AUMORTBContentData.swift */; };
		58EB06E52C2195E200CE6E86 /* UIViewExtension.swift in Sources */ = {isa = PBXBuildFile; fileRef = 58436A892C060F9200E83155 /* UIViewExtension.swift */; };
		58EB06E62C21960400CE6E86 /* AUAdUnitConfiguration.swift in Sources */ = {isa = PBXBuildFile; fileRef = 5890D0082BD29F9E0034E2FD /* AUAdUnitConfiguration.swift */; };
		58EB06E72C21961400CE6E86 /* BoolExtension.swift in Sources */ = {isa = PBXBuildFile; fileRef = 58F8BD112C1731F000E08F1E /* BoolExtension.swift */; };
		58EB06E82C21962400CE6E86 /* AUVideoParameters_Private.swift in Sources */ = {isa = PBXBuildFile; fileRef = 58D9BC5A2BEB8996000C4149 /* AUVideoParameters_Private.swift */; };
		58EB06E92C21962C00CE6E86 /* AUMORTBAppContent_Internal.swift in Sources */ = {isa = PBXBuildFile; fileRef = 583B55542BD66F5A00226302 /* AUMORTBAppContent_Internal.swift */; };
		58EB06EA2C21963F00CE6E86 /* AUMORTBContentData_Internal.swift in Sources */ = {isa = PBXBuildFile; fileRef = 583B555A2BD6727F00226302 /* AUMORTBContentData_Internal.swift */; };
		58EB06EB2C21964600CE6E86 /* AUAdUnitConfiguration_Private.swift in Sources */ = {isa = PBXBuildFile; fileRef = 586C6BFF2BDBF35B008AA84C /* AUAdUnitConfiguration_Private.swift */; };
		58EB06EC2C21964D00CE6E86 /* AUInterstitialRenderingConfiguration.swift in Sources */ = {isa = PBXBuildFile; fileRef = 5896C94D2C2044BD00BB434E /* AUInterstitialRenderingConfiguration.swift */; };
		58EB06ED2C21964D00CE6E86 /* AURewardedRenderingConfiguration.swift in Sources */ = {isa = PBXBuildFile; fileRef = 5896C94F2C20457B00BB434E /* AURewardedRenderingConfiguration.swift */; };
		58EB06EE2C21964D00CE6E86 /* AUBannerRenderingConfiguration.swift in Sources */ = {isa = PBXBuildFile; fileRef = 58D9BC4E2BEA109A000C4149 /* AUBannerRenderingConfiguration.swift */; };
		58EB06F02C21965E00CE6E86 /* AUInterstitialView_Private.swift in Sources */ = {isa = PBXBuildFile; fileRef = 58D9BC3D2BE913F2000C4149 /* AUInterstitialView_Private.swift */; };
		58EB06F12C21965E00CE6E86 /* AURewardedView_Private.swift in Sources */ = {isa = PBXBuildFile; fileRef = 58D9BC442BE91FB8000C4149 /* AURewardedView_Private.swift */; };
		58EB06F22C21965E00CE6E86 /* AUBannerView_Private.swift in Sources */ = {isa = PBXBuildFile; fileRef = 58D9BC332BE9053A000C4149 /* AUBannerView_Private.swift */; };
		58EB06F72C2196E500CE6E86 /* AUBannerParameters.swift in Sources */ = {isa = PBXBuildFile; fileRef = 58249B192BC5747200E5C4C6 /* AUBannerParameters.swift */; };
		58EB06F82C21972B00CE6E86 /* AUBannerParameters_Private.swift in Sources */ = {isa = PBXBuildFile; fileRef = 58249B1B2BC575BA00E5C4C6 /* AUBannerParameters_Private.swift */; };
		58F8779F2BA09CE90093CD63 /* AudienzziOSSDK.framework in Frameworks */ = {isa = PBXBuildFile; fileRef = 58F877962BA09CE90093CD63 /* AudienzziOSSDK.framework */; };
		58F877A42BA09CE90093CD63 /* AudienzziOSSDKTests.swift in Sources */ = {isa = PBXBuildFile; fileRef = 58F877A32BA09CE90093CD63 /* AudienzziOSSDKTests.swift */; };
		58F877A52BA09CE90093CD63 /* AudienzziOSSDK.h in Headers */ = {isa = PBXBuildFile; fileRef = 58F877992BA09CE90093CD63 /* AudienzziOSSDK.h */; settings = {ATTRIBUTES = (Public, ); }; };
		58F8BD062C1700BA00E08F1E /* AUScreenImpression.swift in Sources */ = {isa = PBXBuildFile; fileRef = 58F8BD052C1700BA00E08F1E /* AUScreenImpression.swift */; };
		58F8BD102C1701A900E08F1E /* AUScreenImpressionManager.swift in Sources */ = {isa = PBXBuildFile; fileRef = 58F8BD0F2C1701A900E08F1E /* AUScreenImpressionManager.swift */; };
		58F8BD122C1731F000E08F1E /* BoolExtension.swift in Sources */ = {isa = PBXBuildFile; fileRef = 58F8BD112C1731F000E08F1E /* BoolExtension.swift */; };
		7CF3AC14FF0421C2C48CD0F5 /* Pods_AudienzziOSSDK_AudienzziOSSDKTests.framework in Frameworks */ = {isa = PBXBuildFile; fileRef = EF60F2A4881EFEC990E22046 /* Pods_AudienzziOSSDK_AudienzziOSSDKTests.framework */; };
/* End PBXBuildFile section */

/* Begin PBXContainerItemProxy section */
		58F877A02BA09CE90093CD63 /* PBXContainerItemProxy */ = {
			isa = PBXContainerItemProxy;
			containerPortal = 58F8778D2BA09CE90093CD63 /* Project object */;
			proxyType = 1;
			remoteGlobalIDString = 58F877952BA09CE90093CD63;
			remoteInfo = AudienzziOSSDK;
		};
/* End PBXContainerItemProxy section */

/* Begin PBXCopyFilesBuildPhase section */
		58E024D42BAAE77F0051E8D6 /* Embed Frameworks */ = {
			isa = PBXCopyFilesBuildPhase;
			buildActionMask = 8;
			dstPath = "";
			dstSubfolderSpec = 10;
			files = (
			);
			name = "Embed Frameworks";
			runOnlyForDeploymentPostprocessing = 1;
		};
/* End PBXCopyFilesBuildPhase section */

/* Begin PBXFileReference section */
		3485492388E3634B65EA9DBD /* Pods-AudienzziOSSDK.debug.xcconfig */ = {isa = PBXFileReference; includeInIndex = 1; lastKnownFileType = text.xcconfig; name = "Pods-AudienzziOSSDK.debug.xcconfig"; path = "Target Support Files/Pods-AudienzziOSSDK/Pods-AudienzziOSSDK.debug.xcconfig"; sourceTree = "<group>"; };
		582256492BCD20B100CCCB2A /* AudienzzGAMUtils.swift */ = {isa = PBXFileReference; lastKnownFileType = sourcecode.swift; path = AudienzzGAMUtils.swift; sourceTree = "<group>"; };
		582428732C10A1F3004539DD /* AURewardedHandler.swift */ = {isa = PBXFileReference; lastKnownFileType = sourcecode.swift; path = AURewardedHandler.swift; sourceTree = "<group>"; };
		58249AF32BBEB89400E5C4C6 /* AUNativeBannerView.swift */ = {isa = PBXFileReference; lastKnownFileType = sourcecode.swift; path = AUNativeBannerView.swift; sourceTree = "<group>"; };
		58249B072BC036BB00E5C4C6 /* AURewardedView.swift */ = {isa = PBXFileReference; lastKnownFileType = sourcecode.swift; path = AURewardedView.swift; sourceTree = "<group>"; };
		58249B092BC04FCF00E5C4C6 /* AUAdViewUtils.swift */ = {isa = PBXFileReference; lastKnownFileType = sourcecode.swift; path = AUAdViewUtils.swift; sourceTree = "<group>"; };
		58249B0C2BC3F70600E5C4C6 /* AUInstreamView.swift */ = {isa = PBXFileReference; lastKnownFileType = sourcecode.swift; path = AUInstreamView.swift; sourceTree = "<group>"; };
		58249B152BC56CA200E5C4C6 /* AUMultiplatformView.swift */ = {isa = PBXFileReference; lastKnownFileType = sourcecode.swift; path = AUMultiplatformView.swift; sourceTree = "<group>"; };
		58249B192BC5747200E5C4C6 /* AUBannerParameters.swift */ = {isa = PBXFileReference; lastKnownFileType = sourcecode.swift; path = AUBannerParameters.swift; sourceTree = "<group>"; };
		58249B1B2BC575BA00E5C4C6 /* AUBannerParameters_Private.swift */ = {isa = PBXFileReference; lastKnownFileType = sourcecode.swift; path = AUBannerParameters_Private.swift; sourceTree = "<group>"; };
		58249B1D2BC57B4E00E5C4C6 /* AUNativeRequestParameter_Private.swift */ = {isa = PBXFileReference; lastKnownFileType = sourcecode.swift; path = AUNativeRequestParameter_Private.swift; sourceTree = "<group>"; };
		58392B832C5A50B4002AC5A5 /* AUInternalResultCode.swift */ = {isa = PBXFileReference; lastKnownFileType = sourcecode.swift; path = AUInternalResultCode.swift; sourceTree = "<group>"; };
		58392B852C5B79E5002AC5A5 /* AUUniqHelper.swift */ = {isa = PBXFileReference; lastKnownFileType = sourcecode.swift; path = AUUniqHelper.swift; sourceTree = "<group>"; };
		583B554A2BD66D2E00226302 /* AUMORTBAppContent.swift */ = {isa = PBXFileReference; lastKnownFileType = sourcecode.swift; path = AUMORTBAppContent.swift; sourceTree = "<group>"; };
		583B55542BD66F5A00226302 /* AUMORTBAppContent_Internal.swift */ = {isa = PBXFileReference; lastKnownFileType = sourcecode.swift; path = AUMORTBAppContent_Internal.swift; sourceTree = "<group>"; };
		583B55582BD671A900226302 /* AUMORTBContentData.swift */ = {isa = PBXFileReference; lastKnownFileType = sourcecode.swift; path = AUMORTBContentData.swift; sourceTree = "<group>"; };
		583B555A2BD6727F00226302 /* AUMORTBContentData_Internal.swift */ = {isa = PBXFileReference; lastKnownFileType = sourcecode.swift; path = AUMORTBContentData_Internal.swift; sourceTree = "<group>"; };
		584359532C0A204000AB8FDA /* AUInterstitialHandler.swift */ = {isa = PBXFileReference; lastKnownFileType = sourcecode.swift; path = AUInterstitialHandler.swift; sourceTree = "<group>"; };
		58436A892C060F9200E83155 /* UIViewExtension.swift */ = {isa = PBXFileReference; lastKnownFileType = sourcecode.swift; path = UIViewExtension.swift; sourceTree = "<group>"; };
		58436A9A2C0622BD00E83155 /* AULocalStorageService.swift */ = {isa = PBXFileReference; lastKnownFileType = sourcecode.swift; path = AULocalStorageService.swift; sourceTree = "<group>"; };
		58436A9D2C0622F600E83155 /* AULocalStorageAdditions.swift */ = {isa = PBXFileReference; lastKnownFileType = sourcecode.swift; path = AULocalStorageAdditions.swift; sourceTree = "<group>"; };
		58436A9F2C06231200E83155 /* AUSQLiteDataBaseCreator.swift */ = {isa = PBXFileReference; lastKnownFileType = sourcecode.swift; path = AUSQLiteDataBaseCreator.swift; sourceTree = "<group>"; };
		58436AA12C06233A00E83155 /* AUSQLiteConfigurator.swift */ = {isa = PBXFileReference; lastKnownFileType = sourcecode.swift; path = AUSQLiteConfigurator.swift; sourceTree = "<group>"; };
		58436AAB2C0709D800E83155 /* AUEventsManager.swift */ = {isa = PBXFileReference; lastKnownFileType = sourcecode.swift; path = AUEventsManager.swift; sourceTree = "<group>"; };
		58436AB52C07618F00E83155 /* AUEventsNetworkManager.swift */ = {isa = PBXFileReference; lastKnownFileType = sourcecode.swift; path = AUEventsNetworkManager.swift; sourceTree = "<group>"; };
		58436ABB2C076C1F00E83155 /* AUHTTPType.swift */ = {isa = PBXFileReference; lastKnownFileType = sourcecode.swift; path = AUHTTPType.swift; sourceTree = "<group>"; };
		58436ABD2C08707800E83155 /* Common.swift */ = {isa = PBXFileReference; lastKnownFileType = sourcecode.swift; path = Common.swift; sourceTree = "<group>"; };
		58436AC22C08AAE800E83155 /* AUEventDB.swift */ = {isa = PBXFileReference; lastKnownFileType = sourcecode.swift; path = AUEventDB.swift; sourceTree = "<group>"; };
		58436AC42C09BD7800E83155 /* AUBidWinnerEven.swift */ = {isa = PBXFileReference; lastKnownFileType = sourcecode.swift; path = AUBidWinnerEven.swift; sourceTree = "<group>"; };
		58436AC62C09BD9B00E83155 /* AUAdClickEvent.swift */ = {isa = PBXFileReference; lastKnownFileType = sourcecode.swift; path = AUAdClickEvent.swift; sourceTree = "<group>"; };
		58436ACA2C09BDEE00E83155 /* AUBidRequestEvent.swift */ = {isa = PBXFileReference; lastKnownFileType = sourcecode.swift; path = AUBidRequestEvent.swift; sourceTree = "<group>"; };
		58436ACC2C09BE1200E83155 /* AUAdCreationEvent.swift */ = {isa = PBXFileReference; lastKnownFileType = sourcecode.swift; path = AUAdCreationEvent.swift; sourceTree = "<group>"; };
		58436ACE2C09BE3C00E83155 /* AUCloseAdEvent.swift */ = {isa = PBXFileReference; lastKnownFileType = sourcecode.swift; path = AUCloseAdEvent.swift; sourceTree = "<group>"; };
		58436AD02C09BE6200E83155 /* AUFailedLoadEvent.swift */ = {isa = PBXFileReference; lastKnownFileType = sourcecode.swift; path = AUFailedLoadEvent.swift; sourceTree = "<group>"; };
		58436AD42C09C5BB00E83155 /* AUBannerHandler.swift */ = {isa = PBXFileReference; lastKnownFileType = sourcecode.swift; path = AUBannerHandler.swift; sourceTree = "<group>"; };
		584391FF2BBD63640053B583 /* AUContextType.swift */ = {isa = PBXFileReference; lastKnownFileType = sourcecode.swift; path = AUContextType.swift; sourceTree = "<group>"; };
		584392012BBD84E20053B583 /* AUContextSubType.swift */ = {isa = PBXFileReference; lastKnownFileType = sourcecode.swift; path = AUContextSubType.swift; sourceTree = "<group>"; };
		584392032BBD88A50053B583 /* AUPlacementType.swift */ = {isa = PBXFileReference; lastKnownFileType = sourcecode.swift; path = AUPlacementType.swift; sourceTree = "<group>"; };
		584392052BBD908A0053B583 /* AUAssets.swift */ = {isa = PBXFileReference; lastKnownFileType = sourcecode.swift; path = AUAssets.swift; sourceTree = "<group>"; };
		584392072BBD931F0053B583 /* AUNativeRequestParameter.swift */ = {isa = PBXFileReference; lastKnownFileType = sourcecode.swift; path = AUNativeRequestParameter.swift; sourceTree = "<group>"; };
		5856084A2BAC7A3B00F9F073 /* AUAdView.swift */ = {isa = PBXFileReference; lastKnownFileType = sourcecode.swift; path = AUAdView.swift; sourceTree = "<group>"; };
		5856086D2BADD62A00F9F073 /* AdVideoPropertyParameters.swift */ = {isa = PBXFileReference; lastKnownFileType = sourcecode.swift; path = AdVideoPropertyParameters.swift; sourceTree = "<group>"; };
		585608732BB18E2F00F9F073 /* AUVideoParameters.swift */ = {isa = PBXFileReference; lastKnownFileType = sourcecode.swift; path = AUVideoParameters.swift; sourceTree = "<group>"; };
		585608762BB190BE00F9F073 /* AUInterstitialView.swift */ = {isa = PBXFileReference; lastKnownFileType = sourcecode.swift; path = AUInterstitialView.swift; sourceTree = "<group>"; };
		585608912BB4563C00F9F073 /* AUNativeView.swift */ = {isa = PBXFileReference; lastKnownFileType = sourcecode.swift; path = AUNativeView.swift; sourceTree = "<group>"; };
		585A79692BC96C92005D531C /* AUBannerRenderingView.swift */ = {isa = PBXFileReference; lastKnownFileType = sourcecode.swift; path = AUBannerRenderingView.swift; sourceTree = "<group>"; };
		585A796B2BC9708B005D531C /* AUBannerRenderingAdDelegate.swift */ = {isa = PBXFileReference; lastKnownFileType = sourcecode.swift; path = AUBannerRenderingAdDelegate.swift; sourceTree = "<group>"; };
		585A79712BC97FDF005D531C /* AUInterstitialRenderingView.swift */ = {isa = PBXFileReference; lastKnownFileType = sourcecode.swift; path = AUInterstitialRenderingView.swift; sourceTree = "<group>"; };
		585A79732BC9811D005D531C /* AUInterstitialenderingAdDelegate.swift */ = {isa = PBXFileReference; lastKnownFileType = sourcecode.swift; path = AUInterstitialenderingAdDelegate.swift; sourceTree = "<group>"; };
		586753FC2C4F9B94005937C2 /* DateExtension.swift */ = {isa = PBXFileReference; lastKnownFileType = sourcecode.swift; path = DateExtension.swift; sourceTree = "<group>"; };
		586A878B2BC936D200F997BD /* AURewardedRenderingView.swift */ = {isa = PBXFileReference; lastKnownFileType = sourcecode.swift; path = AURewardedRenderingView.swift; sourceTree = "<group>"; };
		586A878D2BC946FE00F997BD /* AURewardedAdUnitDelegate.swift */ = {isa = PBXFileReference; lastKnownFileType = sourcecode.swift; path = AURewardedAdUnitDelegate.swift; sourceTree = "<group>"; };
		586C6BFF2BDBF35B008AA84C /* AUAdUnitConfiguration_Private.swift */ = {isa = PBXFileReference; lastKnownFileType = sourcecode.swift; path = AUAdUnitConfiguration_Private.swift; sourceTree = "<group>"; };
		587512A22BA36053004BB7E9 /* VisibleView.swift */ = {isa = PBXFileReference; lastKnownFileType = sourcecode.swift; path = VisibleView.swift; sourceTree = "<group>"; };
		5890CFEE2BD150F20034E2FD /* AUAdParameters.swift */ = {isa = PBXFileReference; lastKnownFileType = sourcecode.swift; path = AUAdParameters.swift; sourceTree = "<group>"; };
		5890D0082BD29F9E0034E2FD /* AUAdUnitConfiguration.swift */ = {isa = PBXFileReference; lastKnownFileType = sourcecode.swift; path = AUAdUnitConfiguration.swift; sourceTree = "<group>"; };
		58927A192BE0E412001A0F45 /* AUAdFormat.swift */ = {isa = PBXFileReference; lastKnownFileType = sourcecode.swift; path = AUAdFormat.swift; sourceTree = "<group>"; };
		58927A232BE0E5DA001A0F45 /* AUBannerView.swift */ = {isa = PBXFileReference; lastKnownFileType = sourcecode.swift; path = AUBannerView.swift; sourceTree = "<group>"; };
		5896C9402C202DCF00BB434E /* AURewardedRenderingDelegateType.swift */ = {isa = PBXFileReference; lastKnownFileType = sourcecode.swift; path = AURewardedRenderingDelegateType.swift; sourceTree = "<group>"; };
		5896C94A2C203D4700BB434E /* AUInterstitialRenderingDelegateType.swift */ = {isa = PBXFileReference; lastKnownFileType = sourcecode.swift; path = AUInterstitialRenderingDelegateType.swift; sourceTree = "<group>"; };
		5896C94D2C2044BD00BB434E /* AUInterstitialRenderingConfiguration.swift */ = {isa = PBXFileReference; lastKnownFileType = sourcecode.swift; path = AUInterstitialRenderingConfiguration.swift; sourceTree = "<group>"; };
		5896C94F2C20457B00BB434E /* AURewardedRenderingConfiguration.swift */ = {isa = PBXFileReference; lastKnownFileType = sourcecode.swift; path = AURewardedRenderingConfiguration.swift; sourceTree = "<group>"; };
		58AECFDE2C2975F70020E98D /* BatchModel.swift */ = {isa = PBXFileReference; lastKnownFileType = sourcecode.swift; path = BatchModel.swift; sourceTree = "<group>"; };
		58AECFE82C2979800020E98D /* AURequestBuilder.swift */ = {isa = PBXFileReference; lastKnownFileType = sourcecode.swift; path = AURequestBuilder.swift; sourceTree = "<group>"; };
		58AECFEB2C299C380020E98D /* AUBatchResultModel.swift */ = {isa = PBXFileReference; lastKnownFileType = sourcecode.swift; path = AUBatchResultModel.swift; sourceTree = "<group>"; };
		58AECFED2C299D6C0020E98D /* AUVisitorResultModel.swift */ = {isa = PBXFileReference; lastKnownFileType = sourcecode.swift; path = AUVisitorResultModel.swift; sourceTree = "<group>"; };
		58AECFEF2C29B9C70020E98D /* AUAPIError.swift */ = {isa = PBXFileReference; lastKnownFileType = sourcecode.swift; path = AUAPIError.swift; sourceTree = "<group>"; };
		58B90CF02C19ABFB00BA6E1B /* AULogEvent.swift */ = {isa = PBXFileReference; lastKnownFileType = sourcecode.swift; path = AULogEvent.swift; sourceTree = "<group>"; };
		58B90CFA2C19DF4200BA6E1B /* AUAdUnitConfigurationProtocols.swift */ = {isa = PBXFileReference; lastKnownFileType = sourcecode.swift; path = AUAdUnitConfigurationProtocols.swift; sourceTree = "<group>"; };
		58BEA82D2BE522E5004D86F6 /* AUResultCode.swift */ = {isa = PBXFileReference; lastKnownFileType = sourcecode.swift; path = AUResultCode.swift; sourceTree = "<group>"; };
		58D078AC2C23132A00D49175 /* TestableModel.swift */ = {isa = PBXFileReference; fileEncoding = 4; lastKnownFileType = sourcecode.swift; path = TestableModel.swift; sourceTree = "<group>"; };
		58D078AE2C23132A00D49175 /* ModelsMapperTests.swift */ = {isa = PBXFileReference; fileEncoding = 4; lastKnownFileType = sourcecode.swift; path = ModelsMapperTests.swift; sourceTree = "<group>"; };
		58D078B12C23133900D49175 /* AULocalServiceTests.swift */ = {isa = PBXFileReference; fileEncoding = 4; lastKnownFileType = sourcecode.swift; path = AULocalServiceTests.swift; sourceTree = "<group>"; };
		58D078B22C23133900D49175 /* AULocalStorageServiceTests.swift */ = {isa = PBXFileReference; fileEncoding = 4; lastKnownFileType = sourcecode.swift; path = AULocalStorageServiceTests.swift; sourceTree = "<group>"; };
		58D9BC332BE9053A000C4149 /* AUBannerView_Private.swift */ = {isa = PBXFileReference; lastKnownFileType = sourcecode.swift; path = AUBannerView_Private.swift; sourceTree = "<group>"; };
		58D9BC3D2BE913F2000C4149 /* AUInterstitialView_Private.swift */ = {isa = PBXFileReference; lastKnownFileType = sourcecode.swift; path = AUInterstitialView_Private.swift; sourceTree = "<group>"; };
		58D9BC3F2BE9150A000C4149 /* AUNativeView_Private.swift */ = {isa = PBXFileReference; lastKnownFileType = sourcecode.swift; path = AUNativeView_Private.swift; sourceTree = "<group>"; };
		58D9BC422BE919F0000C4149 /* AUNativeBannerView_Private.swift */ = {isa = PBXFileReference; lastKnownFileType = sourcecode.swift; path = AUNativeBannerView_Private.swift; sourceTree = "<group>"; };
		58D9BC442BE91FB8000C4149 /* AURewardedView_Private.swift */ = {isa = PBXFileReference; lastKnownFileType = sourcecode.swift; path = AURewardedView_Private.swift; sourceTree = "<group>"; };
		58D9BC462BE922E1000C4149 /* AUInstreamView_Private.swift */ = {isa = PBXFileReference; lastKnownFileType = sourcecode.swift; path = AUInstreamView_Private.swift; sourceTree = "<group>"; };
		58D9BC482BE9291C000C4149 /* AUMultiplatformView_Private.swift */ = {isa = PBXFileReference; lastKnownFileType = sourcecode.swift; path = AUMultiplatformView_Private.swift; sourceTree = "<group>"; };
		58D9BC4E2BEA109A000C4149 /* AUBannerRenderingConfiguration.swift */ = {isa = PBXFileReference; lastKnownFileType = sourcecode.swift; path = AUBannerRenderingConfiguration.swift; sourceTree = "<group>"; };
		58D9BC582BEA1A41000C4149 /* AUAdPosition.swift */ = {isa = PBXFileReference; lastKnownFileType = sourcecode.swift; path = AUAdPosition.swift; sourceTree = "<group>"; };
		58D9BC5A2BEB8996000C4149 /* AUVideoParameters_Private.swift */ = {isa = PBXFileReference; lastKnownFileType = sourcecode.swift; path = AUVideoParameters_Private.swift; sourceTree = "<group>"; };
		58D9BC5C2BEBAAF7000C4149 /* AUNativeAd.swift */ = {isa = PBXFileReference; lastKnownFileType = sourcecode.swift; path = AUNativeAd.swift; sourceTree = "<group>"; };
		58D9BC5F2BEBAEBB000C4149 /* AUNativeTitle.swift */ = {isa = PBXFileReference; lastKnownFileType = sourcecode.swift; path = AUNativeTitle.swift; sourceTree = "<group>"; };
		58D9BC612BEBB06B000C4149 /* AuNativeImage.swift */ = {isa = PBXFileReference; lastKnownFileType = sourcecode.swift; path = AuNativeImage.swift; sourceTree = "<group>"; };
		58D9BC632BEBB1A2000C4149 /* AUNativeData.swift */ = {isa = PBXFileReference; lastKnownFileType = sourcecode.swift; path = AUNativeData.swift; sourceTree = "<group>"; };
		58D9BC652BEBB234000C4149 /* AUNativeLink.swift */ = {isa = PBXFileReference; lastKnownFileType = sourcecode.swift; path = AUNativeLink.swift; sourceTree = "<group>"; };
		58D9BC672BEBB3E7000C4149 /* AUNativeEventTrackerResponse.swift */ = {isa = PBXFileReference; lastKnownFileType = sourcecode.swift; path = AUNativeEventTrackerResponse.swift; sourceTree = "<group>"; };
		58D9BC692BEBB48D000C4149 /* AUNativeAdMarkupAsset.swift */ = {isa = PBXFileReference; lastKnownFileType = sourcecode.swift; path = AUNativeAdMarkupAsset.swift; sourceTree = "<group>"; };
		58D9BC6B2BEBB66A000C4149 /* AUNativeAdMarkup.swift */ = {isa = PBXFileReference; lastKnownFileType = sourcecode.swift; path = AUNativeAdMarkup.swift; sourceTree = "<group>"; };
		58D9BC6D2BEBBAE9000C4149 /* AUNativeDataAssetType.swift */ = {isa = PBXFileReference; lastKnownFileType = sourcecode.swift; path = AUNativeDataAssetType.swift; sourceTree = "<group>"; };
		58D9BC6F2BEBBC6E000C4149 /* AUNativeImageAssetType.swift */ = {isa = PBXFileReference; lastKnownFileType = sourcecode.swift; path = AUNativeImageAssetType.swift; sourceTree = "<group>"; };
		58D9BC712BEBBD0D000C4149 /* AUNativeAdEventDelegate.swift */ = {isa = PBXFileReference; lastKnownFileType = sourcecode.swift; path = AUNativeAdEventDelegate.swift; sourceTree = "<group>"; };
		58DCF5462BDFCCAC00683A3E /* AUNativeAsset.swift */ = {isa = PBXFileReference; lastKnownFileType = sourcecode.swift; path = AUNativeAsset.swift; sourceTree = "<group>"; };
		58DCF5482BDFDC4E00683A3E /* AUNativeEventTracker.swift */ = {isa = PBXFileReference; lastKnownFileType = sourcecode.swift; path = AUNativeEventTracker.swift; sourceTree = "<group>"; };
		58E029742BAAE9EF0051E8D6 /* Audienzz.swift */ = {isa = PBXFileReference; lastKnownFileType = sourcecode.swift; path = Audienzz.swift; sourceTree = "<group>"; };
		58F877962BA09CE90093CD63 /* AudienzziOSSDK.framework */ = {isa = PBXFileReference; explicitFileType = wrapper.framework; includeInIndex = 0; path = AudienzziOSSDK.framework; sourceTree = BUILT_PRODUCTS_DIR; };
		58F877992BA09CE90093CD63 /* AudienzziOSSDK.h */ = {isa = PBXFileReference; lastKnownFileType = sourcecode.c.h; path = AudienzziOSSDK.h; sourceTree = "<group>"; };
		58F8779E2BA09CE90093CD63 /* AudienzziOSSDKTests.xctest */ = {isa = PBXFileReference; explicitFileType = wrapper.cfbundle; includeInIndex = 0; path = AudienzziOSSDKTests.xctest; sourceTree = BUILT_PRODUCTS_DIR; };
		58F877A32BA09CE90093CD63 /* AudienzziOSSDKTests.swift */ = {isa = PBXFileReference; lastKnownFileType = sourcecode.swift; path = AudienzziOSSDKTests.swift; sourceTree = "<group>"; };
		58F8BD052C1700BA00E08F1E /* AUScreenImpression.swift */ = {isa = PBXFileReference; lastKnownFileType = sourcecode.swift; path = AUScreenImpression.swift; sourceTree = "<group>"; };
		58F8BD0F2C1701A900E08F1E /* AUScreenImpressionManager.swift */ = {isa = PBXFileReference; lastKnownFileType = sourcecode.swift; path = AUScreenImpressionManager.swift; sourceTree = "<group>"; };
		58F8BD112C1731F000E08F1E /* BoolExtension.swift */ = {isa = PBXFileReference; lastKnownFileType = sourcecode.swift; path = BoolExtension.swift; sourceTree = "<group>"; };
		9CA96F58A8F713503B5F2208 /* Pods_AudienzziOSSDK.framework */ = {isa = PBXFileReference; explicitFileType = wrapper.framework; includeInIndex = 0; path = Pods_AudienzziOSSDK.framework; sourceTree = BUILT_PRODUCTS_DIR; };
		B5E5FA6643136DAF31C90F09 /* Pods-AudienzziOSSDK.release.xcconfig */ = {isa = PBXFileReference; includeInIndex = 1; lastKnownFileType = text.xcconfig; name = "Pods-AudienzziOSSDK.release.xcconfig"; path = "Target Support Files/Pods-AudienzziOSSDK/Pods-AudienzziOSSDK.release.xcconfig"; sourceTree = "<group>"; };
		C13728C4DCDC93D6AF6FFD45 /* Pods-AudienzziOSSDK-AudienzziOSSDKTests.debug.xcconfig */ = {isa = PBXFileReference; includeInIndex = 1; lastKnownFileType = text.xcconfig; name = "Pods-AudienzziOSSDK-AudienzziOSSDKTests.debug.xcconfig"; path = "Target Support Files/Pods-AudienzziOSSDK-AudienzziOSSDKTests/Pods-AudienzziOSSDK-AudienzziOSSDKTests.debug.xcconfig"; sourceTree = "<group>"; };
		EAFF11E632B1218CDE74BAC6 /* Pods-AudienzziOSSDK-AudienzziOSSDKTests.release.xcconfig */ = {isa = PBXFileReference; includeInIndex = 1; lastKnownFileType = text.xcconfig; name = "Pods-AudienzziOSSDK-AudienzziOSSDKTests.release.xcconfig"; path = "Target Support Files/Pods-AudienzziOSSDK-AudienzziOSSDKTests/Pods-AudienzziOSSDK-AudienzziOSSDKTests.release.xcconfig"; sourceTree = "<group>"; };
		EF60F2A4881EFEC990E22046 /* Pods_AudienzziOSSDK_AudienzziOSSDKTests.framework */ = {isa = PBXFileReference; explicitFileType = wrapper.framework; includeInIndex = 0; path = Pods_AudienzziOSSDK_AudienzziOSSDKTests.framework; sourceTree = BUILT_PRODUCTS_DIR; };
/* End PBXFileReference section */

/* Begin PBXFrameworksBuildPhase section */
		58F877932BA09CE90093CD63 /* Frameworks */ = {
			isa = PBXFrameworksBuildPhase;
			buildActionMask = 2147483647;
			files = (
				3301C99924411D817F951553 /* Pods_AudienzziOSSDK.framework in Frameworks */,
			);
			runOnlyForDeploymentPostprocessing = 0;
		};
		58F8779B2BA09CE90093CD63 /* Frameworks */ = {
			isa = PBXFrameworksBuildPhase;
			buildActionMask = 2147483647;
			files = (
				58F8779F2BA09CE90093CD63 /* AudienzziOSSDK.framework in Frameworks */,
				7CF3AC14FF0421C2C48CD0F5 /* Pods_AudienzziOSSDK_AudienzziOSSDKTests.framework in Frameworks */,
			);
			runOnlyForDeploymentPostprocessing = 0;
		};
/* End PBXFrameworksBuildPhase section */

/* Begin PBXGroup section */
		58249B062BC0366D00E5C4C6 /* RewardedView */ = {
			isa = PBXGroup;
			children = (
				58249B072BC036BB00E5C4C6 /* AURewardedView.swift */,
			);
			path = RewardedView;
			sourceTree = "<group>";
		};
		58249B0B2BC3F6E400E5C4C6 /* InstreamView */ = {
			isa = PBXGroup;
			children = (
				58249B0C2BC3F70600E5C4C6 /* AUInstreamView.swift */,
			);
			path = InstreamView;
			sourceTree = "<group>";
		};
		58249B142BC54D7B00E5C4C6 /* Multiplatform */ = {
			isa = PBXGroup;
			children = (
				58249B152BC56CA200E5C4C6 /* AUMultiplatformView.swift */,
			);
			path = Multiplatform;
			sourceTree = "<group>";
		};
		58249B172BC5743100E5C4C6 /* AUVideoAPI */ = {
			isa = PBXGroup;
			children = (
				5856086D2BADD62A00F9F073 /* AdVideoPropertyParameters.swift */,
				585608732BB18E2F00F9F073 /* AUVideoParameters.swift */,
				58D9BC5A2BEB8996000C4149 /* AUVideoParameters_Private.swift */,
			);
			path = AUVideoAPI;
			sourceTree = "<group>";
		};
		58249B182BC5744700E5C4C6 /* AUBannerAPI */ = {
			isa = PBXGroup;
			children = (
				58249B192BC5747200E5C4C6 /* AUBannerParameters.swift */,
				58249B1B2BC575BA00E5C4C6 /* AUBannerParameters_Private.swift */,
			);
			path = AUBannerAPI;
			sourceTree = "<group>";
		};
		582745812BAAFDF200FE77D6 /* AdUnitConfiguration */ = {
			isa = PBXGroup;
			children = (
				5890D0082BD29F9E0034E2FD /* AUAdUnitConfiguration.swift */,
				58B90CFA2C19DF4200BA6E1B /* AUAdUnitConfigurationProtocols.swift */,
				5896C94C2C20449F00BB434E /* Rendering */,
				583B55562BD6716B00226302 /* AdConfigData */,
				583B55572BD6717F00226302 /* AdConfigData_Private */,
			);
			path = AdUnitConfiguration;
			sourceTree = "<group>";
		};
		583B55562BD6716B00226302 /* AdConfigData */ = {
			isa = PBXGroup;
			children = (
				583B554A2BD66D2E00226302 /* AUMORTBAppContent.swift */,
				583B55582BD671A900226302 /* AUMORTBContentData.swift */,
			);
			path = AdConfigData;
			sourceTree = "<group>";
		};
		583B55572BD6717F00226302 /* AdConfigData_Private */ = {
			isa = PBXGroup;
			children = (
				583B55542BD66F5A00226302 /* AUMORTBAppContent_Internal.swift */,
				583B555A2BD6727F00226302 /* AUMORTBContentData_Internal.swift */,
				586C6BFF2BDBF35B008AA84C /* AUAdUnitConfiguration_Private.swift */,
			);
			path = AdConfigData_Private;
			sourceTree = "<group>";
		};
		584359512C0A16B300AB8FDA /* AUGAMWrappers */ = {
			isa = PBXGroup;
			children = (
				58436AD42C09C5BB00E83155 /* AUBannerHandler.swift */,
				584359532C0A204000AB8FDA /* AUInterstitialHandler.swift */,
				582428732C10A1F3004539DD /* AURewardedHandler.swift */,
				58B90CF02C19ABFB00BA6E1B /* AULogEvent.swift */,
			);
			path = AUGAMWrappers;
			sourceTree = "<group>";
		};
		584359522C0A1BA600AB8FDA /* EventHandler */ = {
			isa = PBXGroup;
			children = (
				58436A8B2C06105200E83155 /* Events */,
				58436A912C0622AD00E83155 /* Storage */,
				58436AB72C07674F00E83155 /* Network */,
			);
			path = EventHandler;
			sourceTree = "<group>";
		};
		58436A802C060F5C00E83155 /* Extensions */ = {
			isa = PBXGroup;
			children = (
				58436A892C060F9200E83155 /* UIViewExtension.swift */,
				58F8BD112C1731F000E08F1E /* BoolExtension.swift */,
				586753FC2C4F9B94005937C2 /* DateExtension.swift */,
			);
			path = Extensions;
			sourceTree = "<group>";
		};
		58436A8B2C06105200E83155 /* Events */ = {
			isa = PBXGroup;
			children = (
				58436AAB2C0709D800E83155 /* AUEventsManager.swift */,
				58F8BD0F2C1701A900E08F1E /* AUScreenImpressionManager.swift */,
				584359512C0A16B300AB8FDA /* AUGAMWrappers */,
			);
			path = Events;
			sourceTree = "<group>";
		};
		58436A912C0622AD00E83155 /* Storage */ = {
			isa = PBXGroup;
			children = (
				58436A9A2C0622BD00E83155 /* AULocalStorageService.swift */,
				58436AC12C08AACE00E83155 /* Models */,
				58436A9C2C0622DF00E83155 /* SqliteWrappers */,
			);
			path = Storage;
			sourceTree = "<group>";
		};
		58436A9C2C0622DF00E83155 /* SqliteWrappers */ = {
			isa = PBXGroup;
			children = (
				58436A9D2C0622F600E83155 /* AULocalStorageAdditions.swift */,
				58436A9F2C06231200E83155 /* AUSQLiteDataBaseCreator.swift */,
				58436AA12C06233A00E83155 /* AUSQLiteConfigurator.swift */,
			);
			path = SqliteWrappers;
			sourceTree = "<group>";
		};
		58436AB72C07674F00E83155 /* Network */ = {
			isa = PBXGroup;
			children = (
				58436AB52C07618F00E83155 /* AUEventsNetworkManager.swift */,
				58436AB82C07675800E83155 /* Model */,
			);
			path = Network;
			sourceTree = "<group>";
		};
		58436AB82C07675800E83155 /* Model */ = {
			isa = PBXGroup;
			children = (
				58436ABD2C08707800E83155 /* Common.swift */,
				58AECFDE2C2975F70020E98D /* BatchModel.swift */,
				58AECFEA2C299C260020E98D /* ResultModels */,
				58436AD22C09BE8200E83155 /* Events */,
				58436AD32C09BEA800E83155 /* Helpers */,
			);
			path = Model;
			sourceTree = "<group>";
		};
		58436AC12C08AACE00E83155 /* Models */ = {
			isa = PBXGroup;
			children = (
				58436AC22C08AAE800E83155 /* AUEventDB.swift */,
			);
			path = Models;
			sourceTree = "<group>";
		};
		58436AD22C09BE8200E83155 /* Events */ = {
			isa = PBXGroup;
			children = (
				58436AD02C09BE6200E83155 /* AUFailedLoadEvent.swift */,
				58436ACE2C09BE3C00E83155 /* AUCloseAdEvent.swift */,
				58436ACC2C09BE1200E83155 /* AUAdCreationEvent.swift */,
				58436ACA2C09BDEE00E83155 /* AUBidRequestEvent.swift */,
				58436AC42C09BD7800E83155 /* AUBidWinnerEven.swift */,
				58436AC62C09BD9B00E83155 /* AUAdClickEvent.swift */,
				58F8BD052C1700BA00E08F1E /* AUScreenImpression.swift */,
			);
			path = Events;
			sourceTree = "<group>";
		};
		58436AD32C09BEA800E83155 /* Helpers */ = {
			isa = PBXGroup;
			children = (
				58436ABB2C076C1F00E83155 /* AUHTTPType.swift */,
				58AECFE82C2979800020E98D /* AURequestBuilder.swift */,
				58AECFEF2C29B9C70020E98D /* AUAPIError.swift */,
				58392B852C5B79E5002AC5A5 /* AUUniqHelper.swift */,
			);
			path = Helpers;
			sourceTree = "<group>";
		};
		584391FE2BBD63500053B583 /* AUNativeApi */ = {
			isa = PBXGroup;
			children = (
				584391FF2BBD63640053B583 /* AUContextType.swift */,
				584392012BBD84E20053B583 /* AUContextSubType.swift */,
				584392032BBD88A50053B583 /* AUPlacementType.swift */,
				584392052BBD908A0053B583 /* AUAssets.swift */,
				584392072BBD931F0053B583 /* AUNativeRequestParameter.swift */,
				58249B1D2BC57B4E00E5C4C6 /* AUNativeRequestParameter_Private.swift */,
				58DCF5462BDFCCAC00683A3E /* AUNativeAsset.swift */,
				58DCF5482BDFDC4E00683A3E /* AUNativeEventTracker.swift */,
				58D9BC5C2BEBAAF7000C4149 /* AUNativeAd.swift */,
				58D9BC712BEBBD0D000C4149 /* AUNativeAdEventDelegate.swift */,
				58D9BC5E2BEBAE74000C4149 /* AUNativeAssetObjects */,
			);
			path = AUNativeApi;
			sourceTree = "<group>";
		};
		585608432BAC4C4E00F9F073 /* AdUnitViews */ = {
			isa = PBXGroup;
			children = (
				5856084A2BAC7A3B00F9F073 /* AUAdView.swift */,
				586A87882BC92EE200F997BD /* Original */,
				586A87892BC92EED00F997BD /* Rendering */,
			);
			path = AdUnitViews;
			sourceTree = "<group>";
		};
		585608442BAC4C5900F9F073 /* BannerView */ = {
			isa = PBXGroup;
			children = (
				58927A232BE0E5DA001A0F45 /* AUBannerView.swift */,
			);
			path = BannerView;
			sourceTree = "<group>";
		};
		5856084D2BAC81E100F9F073 /* Interstitial */ = {
			isa = PBXGroup;
			children = (
				585608762BB190BE00F9F073 /* AUInterstitialView.swift */,
			);
			path = Interstitial;
			sourceTree = "<group>";
		};
		5856088E2BB4561E00F9F073 /* NativeBanner */ = {
			isa = PBXGroup;
			children = (
				585608912BB4563C00F9F073 /* AUNativeView.swift */,
				58249AF32BBEB89400E5C4C6 /* AUNativeBannerView.swift */,
			);
			path = NativeBanner;
			sourceTree = "<group>";
		};
		585A79682BC96A0E005D531C /* Banner */ = {
			isa = PBXGroup;
			children = (
				585A79692BC96C92005D531C /* AUBannerRenderingView.swift */,
				585A796B2BC9708B005D531C /* AUBannerRenderingAdDelegate.swift */,
			);
			path = Banner;
			sourceTree = "<group>";
		};
		585A79702BC97FC6005D531C /* Interstitial */ = {
			isa = PBXGroup;
			children = (
				585A79712BC97FDF005D531C /* AUInterstitialRenderingView.swift */,
				585A79732BC9811D005D531C /* AUInterstitialenderingAdDelegate.swift */,
				5896C94A2C203D4700BB434E /* AUInterstitialRenderingDelegateType.swift */,
			);
			path = Interstitial;
			sourceTree = "<group>";
		};
		586A87882BC92EE200F997BD /* Original */ = {
			isa = PBXGroup;
			children = (
				585608442BAC4C5900F9F073 /* BannerView */,
				5856084D2BAC81E100F9F073 /* Interstitial */,
				5856088E2BB4561E00F9F073 /* NativeBanner */,
				58249B062BC0366D00E5C4C6 /* RewardedView */,
				58249B0B2BC3F6E400E5C4C6 /* InstreamView */,
				58249B142BC54D7B00E5C4C6 /* Multiplatform */,
			);
			path = Original;
			sourceTree = "<group>";
		};
		586A87892BC92EED00F997BD /* Rendering */ = {
			isa = PBXGroup;
			children = (
				585A79682BC96A0E005D531C /* Banner */,
				585A79702BC97FC6005D531C /* Interstitial */,
				586A878A2BC92EF700F997BD /* Rewarded */,
			);
			path = Rendering;
			sourceTree = "<group>";
		};
		586A878A2BC92EF700F997BD /* Rewarded */ = {
			isa = PBXGroup;
			children = (
				586A878B2BC936D200F997BD /* AURewardedRenderingView.swift */,
				586A878D2BC946FE00F997BD /* AURewardedAdUnitDelegate.swift */,
				5896C9402C202DCF00BB434E /* AURewardedRenderingDelegateType.swift */,
			);
			path = Rewarded;
			sourceTree = "<group>";
		};
		587512A12BA3603C004BB7E9 /* Helpers */ = {
			isa = PBXGroup;
			children = (
				58436A802C060F5C00E83155 /* Extensions */,
				58249B092BC04FCF00E5C4C6 /* AUAdViewUtils.swift */,
				587512A22BA36053004BB7E9 /* VisibleView.swift */,
				5890CFEE2BD150F20034E2FD /* AUAdParameters.swift */,
				58927A192BE0E412001A0F45 /* AUAdFormat.swift */,
				58BEA82D2BE522E5004D86F6 /* AUResultCode.swift */,
				58D9BC582BEA1A41000C4149 /* AUAdPosition.swift */,
				58392B832C5A50B4002AC5A5 /* AUInternalResultCode.swift */,
				58D9BC412BE919B1000C4149 /* Private_AdTypes */,
				58249B182BC5744700E5C4C6 /* AUBannerAPI */,
				58249B172BC5743100E5C4C6 /* AUVideoAPI */,
				584391FE2BBD63500053B583 /* AUNativeApi */,
			);
			path = Helpers;
			sourceTree = "<group>";
		};
		5896C94C2C20449F00BB434E /* Rendering */ = {
			isa = PBXGroup;
			children = (
				58D9BC4E2BEA109A000C4149 /* AUBannerRenderingConfiguration.swift */,
				5896C94D2C2044BD00BB434E /* AUInterstitialRenderingConfiguration.swift */,
				5896C94F2C20457B00BB434E /* AURewardedRenderingConfiguration.swift */,
			);
			path = Rendering;
			sourceTree = "<group>";
		};
		58AECFEA2C299C260020E98D /* ResultModels */ = {
			isa = PBXGroup;
			children = (
				58AECFEB2C299C380020E98D /* AUBatchResultModel.swift */,
				58AECFED2C299D6C0020E98D /* AUVisitorResultModel.swift */,
			);
			path = ResultModels;
			sourceTree = "<group>";
		};
		58D078AD2C23132A00D49175 /* Models */ = {
			isa = PBXGroup;
			children = (
				58D078B22C23133900D49175 /* AULocalStorageServiceTests.swift */,
				58D078AC2C23132A00D49175 /* TestableModel.swift */,
			);
			path = Models;
			sourceTree = "<group>";
		};
		58D9BC412BE919B1000C4149 /* Private_AdTypes */ = {
			isa = PBXGroup;
			children = (
				58D9BC332BE9053A000C4149 /* AUBannerView_Private.swift */,
				58D9BC3D2BE913F2000C4149 /* AUInterstitialView_Private.swift */,
				58D9BC3F2BE9150A000C4149 /* AUNativeView_Private.swift */,
				58D9BC422BE919F0000C4149 /* AUNativeBannerView_Private.swift */,
				58D9BC442BE91FB8000C4149 /* AURewardedView_Private.swift */,
				58D9BC462BE922E1000C4149 /* AUInstreamView_Private.swift */,
				58D9BC482BE9291C000C4149 /* AUMultiplatformView_Private.swift */,
			);
			path = Private_AdTypes;
			sourceTree = "<group>";
		};
		58D9BC5E2BEBAE74000C4149 /* AUNativeAssetObjects */ = {
			isa = PBXGroup;
			children = (
				58D9BC5F2BEBAEBB000C4149 /* AUNativeTitle.swift */,
				58D9BC612BEBB06B000C4149 /* AuNativeImage.swift */,
				58D9BC632BEBB1A2000C4149 /* AUNativeData.swift */,
				58D9BC652BEBB234000C4149 /* AUNativeLink.swift */,
				58D9BC672BEBB3E7000C4149 /* AUNativeEventTrackerResponse.swift */,
				58D9BC692BEBB48D000C4149 /* AUNativeAdMarkupAsset.swift */,
				58D9BC6B2BEBB66A000C4149 /* AUNativeAdMarkup.swift */,
				58D9BC6D2BEBBAE9000C4149 /* AUNativeDataAssetType.swift */,
				58D9BC6F2BEBBC6E000C4149 /* AUNativeImageAssetType.swift */,
			);
			path = AUNativeAssetObjects;
			sourceTree = "<group>";
		};
		58F8778C2BA09CE90093CD63 = {
			isa = PBXGroup;
			children = (
				58F877982BA09CE90093CD63 /* AudienzziOSSDK */,
				58F877A22BA09CE90093CD63 /* AudienzziOSSDKTests */,
				58F877972BA09CE90093CD63 /* Products */,
				83CC1E59E1C5A08EEB684217 /* Frameworks */,
				5FAACE3F63070F507AA6EBB1 /* Pods */,
			);
			sourceTree = "<group>";
		};
		58F877972BA09CE90093CD63 /* Products */ = {
			isa = PBXGroup;
			children = (
				58F877962BA09CE90093CD63 /* AudienzziOSSDK.framework */,
				58F8779E2BA09CE90093CD63 /* AudienzziOSSDKTests.xctest */,
			);
			name = Products;
			sourceTree = "<group>";
		};
		58F877982BA09CE90093CD63 /* AudienzziOSSDK */ = {
			isa = PBXGroup;
			children = (
				58F877992BA09CE90093CD63 /* AudienzziOSSDK.h */,
				58E029742BAAE9EF0051E8D6 /* Audienzz.swift */,
				582256492BCD20B100CCCB2A /* AudienzzGAMUtils.swift */,
				584359522C0A1BA600AB8FDA /* EventHandler */,
				585608432BAC4C4E00F9F073 /* AdUnitViews */,
				582745812BAAFDF200FE77D6 /* AdUnitConfiguration */,
				587512A12BA3603C004BB7E9 /* Helpers */,
			);
			path = AudienzziOSSDK;
			sourceTree = "<group>";
		};
		58F877A22BA09CE90093CD63 /* AudienzziOSSDKTests */ = {
			isa = PBXGroup;
			children = (
				58F877A32BA09CE90093CD63 /* AudienzziOSSDKTests.swift */,
				58D078AE2C23132A00D49175 /* ModelsMapperTests.swift */,
				58D078B12C23133900D49175 /* AULocalServiceTests.swift */,
				58D078AD2C23132A00D49175 /* Models */,
			);
			path = AudienzziOSSDKTests;
			sourceTree = "<group>";
		};
		5FAACE3F63070F507AA6EBB1 /* Pods */ = {
			isa = PBXGroup;
			children = (
				3485492388E3634B65EA9DBD /* Pods-AudienzziOSSDK.debug.xcconfig */,
				B5E5FA6643136DAF31C90F09 /* Pods-AudienzziOSSDK.release.xcconfig */,
				C13728C4DCDC93D6AF6FFD45 /* Pods-AudienzziOSSDK-AudienzziOSSDKTests.debug.xcconfig */,
				EAFF11E632B1218CDE74BAC6 /* Pods-AudienzziOSSDK-AudienzziOSSDKTests.release.xcconfig */,
			);
			path = Pods;
			sourceTree = "<group>";
		};
		83CC1E59E1C5A08EEB684217 /* Frameworks */ = {
			isa = PBXGroup;
			children = (
				9CA96F58A8F713503B5F2208 /* Pods_AudienzziOSSDK.framework */,
				EF60F2A4881EFEC990E22046 /* Pods_AudienzziOSSDK_AudienzziOSSDKTests.framework */,
			);
			name = Frameworks;
			sourceTree = "<group>";
		};
/* End PBXGroup section */

/* Begin PBXHeadersBuildPhase section */
		58F877912BA09CE90093CD63 /* Headers */ = {
			isa = PBXHeadersBuildPhase;
			buildActionMask = 2147483647;
			files = (
				58F877A52BA09CE90093CD63 /* AudienzziOSSDK.h in Headers */,
			);
			runOnlyForDeploymentPostprocessing = 0;
		};
/* End PBXHeadersBuildPhase section */

/* Begin PBXNativeTarget section */
		58F877952BA09CE90093CD63 /* AudienzziOSSDK */ = {
			isa = PBXNativeTarget;
			buildConfigurationList = 58F877A82BA09CE90093CD63 /* Build configuration list for PBXNativeTarget "AudienzziOSSDK" */;
			buildPhases = (
				7527645E1BF478CB76A8CB9D /* [CP] Check Pods Manifest.lock */,
				58F877912BA09CE90093CD63 /* Headers */,
				58F877922BA09CE90093CD63 /* Sources */,
				58F877932BA09CE90093CD63 /* Frameworks */,
				58F877942BA09CE90093CD63 /* Resources */,
				58E024D42BAAE77F0051E8D6 /* Embed Frameworks */,
				A1D40928EE6F5988B1FFF13A /* [CP] Copy Pods Resources */,
				01862C502C7F5ECB0039C366 /* ShellScript */,
			);
			buildRules = (
			);
			dependencies = (
			);
			name = AudienzziOSSDK;
			productName = AudienzziOSSDK;
			productReference = 58F877962BA09CE90093CD63 /* AudienzziOSSDK.framework */;
			productType = "com.apple.product-type.framework";
		};
		58F8779D2BA09CE90093CD63 /* AudienzziOSSDKTests */ = {
			isa = PBXNativeTarget;
			buildConfigurationList = 58F877AB2BA09CE90093CD63 /* Build configuration list for PBXNativeTarget "AudienzziOSSDKTests" */;
			buildPhases = (
				DF83F28D194C4BB3070F8600 /* [CP] Check Pods Manifest.lock */,
				58F8779A2BA09CE90093CD63 /* Sources */,
				58F8779B2BA09CE90093CD63 /* Frameworks */,
				58F8779C2BA09CE90093CD63 /* Resources */,
				236C07E04D6FDCC6F745548B /* [CP] Embed Pods Frameworks */,
				9D5E34C5CA96193882D780CB /* [CP] Copy Pods Resources */,
			);
			buildRules = (
			);
			dependencies = (
				58F877A12BA09CE90093CD63 /* PBXTargetDependency */,
			);
			name = AudienzziOSSDKTests;
			productName = AudienzziOSSDKTests;
			productReference = 58F8779E2BA09CE90093CD63 /* AudienzziOSSDKTests.xctest */;
			productType = "com.apple.product-type.bundle.unit-test";
		};
/* End PBXNativeTarget section */

/* Begin PBXProject section */
		58F8778D2BA09CE90093CD63 /* Project object */ = {
			isa = PBXProject;
			attributes = {
				BuildIndependentTargetsInParallel = 1;
				LastSwiftUpdateCheck = 1520;
				LastUpgradeCheck = 1520;
				TargetAttributes = {
					58F877952BA09CE90093CD63 = {
						CreatedOnToolsVersion = 15.2;
						LastSwiftMigration = 1540;
					};
					58F8779D2BA09CE90093CD63 = {
						CreatedOnToolsVersion = 15.2;
					};
				};
			};
			buildConfigurationList = 58F877902BA09CE90093CD63 /* Build configuration list for PBXProject "AudienzziOSSDK" */;
			compatibilityVersion = "Xcode 14.0";
			developmentRegion = en;
			hasScannedForEncodings = 0;
			knownRegions = (
				en,
				Base,
			);
			mainGroup = 58F8778C2BA09CE90093CD63;
			productRefGroup = 58F877972BA09CE90093CD63 /* Products */;
			projectDirPath = "";
			projectRoot = "";
			targets = (
				58F877952BA09CE90093CD63 /* AudienzziOSSDK */,
				58F8779D2BA09CE90093CD63 /* AudienzziOSSDKTests */,
			);
		};
/* End PBXProject section */

/* Begin PBXResourcesBuildPhase section */
		58F877942BA09CE90093CD63 /* Resources */ = {
			isa = PBXResourcesBuildPhase;
			buildActionMask = 2147483647;
			files = (
			);
			runOnlyForDeploymentPostprocessing = 0;
		};
		58F8779C2BA09CE90093CD63 /* Resources */ = {
			isa = PBXResourcesBuildPhase;
			buildActionMask = 2147483647;
			files = (
			);
			runOnlyForDeploymentPostprocessing = 0;
		};
/* End PBXResourcesBuildPhase section */

/* Begin PBXShellScriptBuildPhase section */
		01862C502C7F5ECB0039C366 /* ShellScript */ = {
			isa = PBXShellScriptBuildPhase;
			buildActionMask = 2147483647;
			files = (
			);
			inputFileListPaths = (
			);
			inputPaths = (
			);
			outputFileListPaths = (
			);
			outputPaths = (
			);
			runOnlyForDeploymentPostprocessing = 0;
			shellPath = /bin/sh;
			shellScript = "UNIVERSAL_OUTPUTFOLDER=${BUILD_DIR}/${CONFIGURATION}-universal\nmkdir -p \"${UNIVERSAL_OUTPUTFOLDER}\"\ncp -a \"${BUILD_DIR}/${CONFIGURATION}-iphoneos/${PROJECT_NAME}.framework\" \"${UNIVERSAL_OUTPUTFOLDER}/\"\nSIMULATOR_SWIFT_MODULES_DIR=\"${BUILD_DIR}/${CONFIGURATION}-iphonesimulator/${PROJECT_NAME}.framework/Modules/${PROJECT_NAME}.swiftmodule/.\"\nif [ -d \"${SIMULATOR_SWIFT_MODULES_DIR}\" ]; then\ncp -R \"${SIMULATOR_SWIFT_MODULES_DIR}\" \"${UNIVERSAL_OUTPUTFOLDER}/${PROJECT_NAME}.framework/Modules/${PROJECT_NAME}.swiftmodule\"\nfi\nlipo -create -output \"${UNIVERSAL_OUTPUTFOLDER}/${PROJECT_NAME}.framework/${PROJECT_NAME}\" \"${BUILD_DIR}/${CONFIGURATION}-iphonesimulator/${PROJECT_NAME}.framework/${PROJECT_NAME}\" \"${BUILD_DIR}/${CONFIGURATION}-iphoneos/${PROJECT_NAME}.framework/${PROJECT_NAME}\"\ncp -R \"${UNIVERSAL_OUTPUTFOLDER}/${PROJECT_NAME}.framework\" \"${PROJECT_DIR}\"\nopen \"${PROJECT_DIR}\"\n";
		};
		236C07E04D6FDCC6F745548B /* [CP] Embed Pods Frameworks */ = {
			isa = PBXShellScriptBuildPhase;
			buildActionMask = 2147483647;
			files = (
			);
			inputFileListPaths = (
				"${PODS_ROOT}/Target Support Files/Pods-AudienzziOSSDK-AudienzziOSSDKTests/Pods-AudienzziOSSDK-AudienzziOSSDKTests-frameworks-${CONFIGURATION}-input-files.xcfilelist",
			);
			name = "[CP] Embed Pods Frameworks";
			outputFileListPaths = (
				"${PODS_ROOT}/Target Support Files/Pods-AudienzziOSSDK-AudienzziOSSDKTests/Pods-AudienzziOSSDK-AudienzziOSSDKTests-frameworks-${CONFIGURATION}-output-files.xcfilelist",
			);
			runOnlyForDeploymentPostprocessing = 0;
			shellPath = /bin/sh;
			shellScript = "\"${PODS_ROOT}/Target Support Files/Pods-AudienzziOSSDK-AudienzziOSSDKTests/Pods-AudienzziOSSDK-AudienzziOSSDKTests-frameworks.sh\"\n";
			showEnvVarsInLog = 0;
		};
		7527645E1BF478CB76A8CB9D /* [CP] Check Pods Manifest.lock */ = {
			isa = PBXShellScriptBuildPhase;
			buildActionMask = 2147483647;
			files = (
			);
			inputFileListPaths = (
			);
			inputPaths = (
				"${PODS_PODFILE_DIR_PATH}/Podfile.lock",
				"${PODS_ROOT}/Manifest.lock",
			);
			name = "[CP] Check Pods Manifest.lock";
			outputFileListPaths = (
			);
			outputPaths = (
				"$(DERIVED_FILE_DIR)/Pods-AudienzziOSSDK-checkManifestLockResult.txt",
			);
			runOnlyForDeploymentPostprocessing = 0;
			shellPath = /bin/sh;
			shellScript = "diff \"${PODS_PODFILE_DIR_PATH}/Podfile.lock\" \"${PODS_ROOT}/Manifest.lock\" > /dev/null\nif [ $? != 0 ] ; then\n    # print error to STDERR\n    echo \"error: The sandbox is not in sync with the Podfile.lock. Run 'pod install' or update your CocoaPods installation.\" >&2\n    exit 1\nfi\n# This output is used by Xcode 'outputs' to avoid re-running this script phase.\necho \"SUCCESS\" > \"${SCRIPT_OUTPUT_FILE_0}\"\n";
			showEnvVarsInLog = 0;
		};
		9D5E34C5CA96193882D780CB /* [CP] Copy Pods Resources */ = {
			isa = PBXShellScriptBuildPhase;
			buildActionMask = 2147483647;
			files = (
			);
			inputFileListPaths = (
				"${PODS_ROOT}/Target Support Files/Pods-AudienzziOSSDK-AudienzziOSSDKTests/Pods-AudienzziOSSDK-AudienzziOSSDKTests-resources-${CONFIGURATION}-input-files.xcfilelist",
			);
			name = "[CP] Copy Pods Resources";
			outputFileListPaths = (
				"${PODS_ROOT}/Target Support Files/Pods-AudienzziOSSDK-AudienzziOSSDKTests/Pods-AudienzziOSSDK-AudienzziOSSDKTests-resources-${CONFIGURATION}-output-files.xcfilelist",
			);
			runOnlyForDeploymentPostprocessing = 0;
			shellPath = /bin/sh;
			shellScript = "\"${PODS_ROOT}/Target Support Files/Pods-AudienzziOSSDK-AudienzziOSSDKTests/Pods-AudienzziOSSDK-AudienzziOSSDKTests-resources.sh\"\n";
			showEnvVarsInLog = 0;
		};
		A1D40928EE6F5988B1FFF13A /* [CP] Copy Pods Resources */ = {
			isa = PBXShellScriptBuildPhase;
			buildActionMask = 2147483647;
			files = (
			);
			inputFileListPaths = (
				"${PODS_ROOT}/Target Support Files/Pods-AudienzziOSSDK/Pods-AudienzziOSSDK-resources-${CONFIGURATION}-input-files.xcfilelist",
			);
			name = "[CP] Copy Pods Resources";
			outputFileListPaths = (
				"${PODS_ROOT}/Target Support Files/Pods-AudienzziOSSDK/Pods-AudienzziOSSDK-resources-${CONFIGURATION}-output-files.xcfilelist",
			);
			runOnlyForDeploymentPostprocessing = 0;
			shellPath = /bin/sh;
			shellScript = "\"${PODS_ROOT}/Target Support Files/Pods-AudienzziOSSDK/Pods-AudienzziOSSDK-resources.sh\"\n";
			showEnvVarsInLog = 0;
		};
		DF83F28D194C4BB3070F8600 /* [CP] Check Pods Manifest.lock */ = {
			isa = PBXShellScriptBuildPhase;
			buildActionMask = 2147483647;
			files = (
			);
			inputFileListPaths = (
			);
			inputPaths = (
				"${PODS_PODFILE_DIR_PATH}/Podfile.lock",
				"${PODS_ROOT}/Manifest.lock",
			);
			name = "[CP] Check Pods Manifest.lock";
			outputFileListPaths = (
			);
			outputPaths = (
				"$(DERIVED_FILE_DIR)/Pods-AudienzziOSSDK-AudienzziOSSDKTests-checkManifestLockResult.txt",
			);
			runOnlyForDeploymentPostprocessing = 0;
			shellPath = /bin/sh;
			shellScript = "diff \"${PODS_PODFILE_DIR_PATH}/Podfile.lock\" \"${PODS_ROOT}/Manifest.lock\" > /dev/null\nif [ $? != 0 ] ; then\n    # print error to STDERR\n    echo \"error: The sandbox is not in sync with the Podfile.lock. Run 'pod install' or update your CocoaPods installation.\" >&2\n    exit 1\nfi\n# This output is used by Xcode 'outputs' to avoid re-running this script phase.\necho \"SUCCESS\" > \"${SCRIPT_OUTPUT_FILE_0}\"\n";
			showEnvVarsInLog = 0;
		};
/* End PBXShellScriptBuildPhase section */

/* Begin PBXSourcesBuildPhase section */
		58F877922BA09CE90093CD63 /* Sources */ = {
			isa = PBXSourcesBuildPhase;
			buildActionMask = 2147483647;
			files = (
				58392B862C5B79E5002AC5A5 /* AUUniqHelper.swift in Sources */,
				58D9BC602BEBAEBB000C4149 /* AUNativeTitle.swift in Sources */,
				58436AA22C06233A00E83155 /* AUSQLiteConfigurator.swift in Sources */,
				58F8BD102C1701A900E08F1E /* AUScreenImpressionManager.swift in Sources */,
				58436ACB2C09BDEF00E83155 /* AUBidRequestEvent.swift in Sources */,
				58436AC72C09BD9B00E83155 /* AUAdClickEvent.swift in Sources */,
				5822564A2BCD20B100CCCB2A /* AudienzzGAMUtils.swift in Sources */,
				58436A9E2C0622F600E83155 /* AULocalStorageAdditions.swift in Sources */,
				58D9BC682BEBB3E7000C4149 /* AUNativeEventTrackerResponse.swift in Sources */,
				58249B1C2BC575BA00E5C4C6 /* AUBannerParameters_Private.swift in Sources */,
				58D9BC642BEBB1A2000C4149 /* AUNativeData.swift in Sources */,
				58249B082BC036BB00E5C4C6 /* AURewardedView.swift in Sources */,
				58436AB62C07619000E83155 /* AUEventsNetworkManager.swift in Sources */,
				58927A1A2BE0E412001A0F45 /* AUAdFormat.swift in Sources */,
				5896C94E2C2044BD00BB434E /* AUInterstitialRenderingConfiguration.swift in Sources */,
				58AECFDF2C2975F70020E98D /* BatchModel.swift in Sources */,
				58436AC32C08AAE900E83155 /* AUEventDB.swift in Sources */,
				58D9BC432BE919F0000C4149 /* AUNativeBannerView_Private.swift in Sources */,
				5896C94B2C203D4700BB434E /* AUInterstitialRenderingDelegateType.swift in Sources */,
				584392062BBD908A0053B583 /* AUAssets.swift in Sources */,
				58392B842C5A50B4002AC5A5 /* AUInternalResultCode.swift in Sources */,
				584392022BBD84E20053B583 /* AUContextSubType.swift in Sources */,
				5896C9412C202DD000BB434E /* AURewardedRenderingDelegateType.swift in Sources */,
				584392082BBD931F0053B583 /* AUNativeRequestParameter.swift in Sources */,
				58D9BC5B2BEB8996000C4149 /* AUVideoParameters_Private.swift in Sources */,
				587512A32BA36053004BB7E9 /* VisibleView.swift in Sources */,
				58249AF42BBEB89400E5C4C6 /* AUNativeBannerView.swift in Sources */,
				584359542C0A204000AB8FDA /* AUInterstitialHandler.swift in Sources */,
				585A796C2BC9708B005D531C /* AUBannerRenderingAdDelegate.swift in Sources */,
				5896C9502C20457B00BB434E /* AURewardedRenderingConfiguration.swift in Sources */,
				585608742BB18E2F00F9F073 /* AUVideoParameters.swift in Sources */,
				586C6C002BDBF35B008AA84C /* AUAdUnitConfiguration_Private.swift in Sources */,
				58D9BC4F2BEA109A000C4149 /* AUBannerRenderingConfiguration.swift in Sources */,
				583B55592BD671A900226302 /* AUMORTBContentData.swift in Sources */,
				58D9BC662BEBB234000C4149 /* AUNativeLink.swift in Sources */,
				585A796A2BC96C92005D531C /* AUBannerRenderingView.swift in Sources */,
				58B90CF12C19ABFB00BA6E1B /* AULogEvent.swift in Sources */,
				585608922BB4563C00F9F073 /* AUNativeView.swift in Sources */,
				585A79742BC9811D005D531C /* AUInterstitialenderingAdDelegate.swift in Sources */,
				58436AD12C09BE6200E83155 /* AUFailedLoadEvent.swift in Sources */,
				5890CFEF2BD150F20034E2FD /* AUAdParameters.swift in Sources */,
				58D9BC452BE91FB8000C4149 /* AURewardedView_Private.swift in Sources */,
				58D9BC6C2BEBB66A000C4149 /* AUNativeAdMarkup.swift in Sources */,
				58249B1E2BC57B4E00E5C4C6 /* AUNativeRequestParameter_Private.swift in Sources */,
				58E029752BAAE9EF0051E8D6 /* Audienzz.swift in Sources */,
				58436AAC2C0709D800E83155 /* AUEventsManager.swift in Sources */,
				58249B162BC56CA200E5C4C6 /* AUMultiplatformView.swift in Sources */,
				5890D0092BD29F9E0034E2FD /* AUAdUnitConfiguration.swift in Sources */,
				58BEA82E2BE522E5004D86F6 /* AUResultCode.swift in Sources */,
				58D9BC492BE9291C000C4149 /* AUMultiplatformView_Private.swift in Sources */,
				58436A8A2C060F9200E83155 /* UIViewExtension.swift in Sources */,
				58D9BC342BE9053A000C4149 /* AUBannerView_Private.swift in Sources */,
				58AECFE92C2979800020E98D /* AURequestBuilder.swift in Sources */,
				58249B1A2BC5747200E5C4C6 /* AUBannerParameters.swift in Sources */,
				583B554B2BD66D2E00226302 /* AUMORTBAppContent.swift in Sources */,
				58DCF5492BDFDC4E00683A3E /* AUNativeEventTracker.swift in Sources */,
				58D9BC5D2BEBAAF7000C4149 /* AUNativeAd.swift in Sources */,
				58AECFEC2C299C380020E98D /* AUBatchResultModel.swift in Sources */,
				58B90CFB2C19DF4200BA6E1B /* AUAdUnitConfigurationProtocols.swift in Sources */,
				5856086E2BADD62A00F9F073 /* AdVideoPropertyParameters.swift in Sources */,
				58AECFEE2C299D6C0020E98D /* AUVisitorResultModel.swift in Sources */,
				58436A9B2C0622BD00E83155 /* AULocalStorageService.swift in Sources */,
				5856084B2BAC7A3B00F9F073 /* AUAdView.swift in Sources */,
				586A878C2BC936D200F997BD /* AURewardedRenderingView.swift in Sources */,
				58249B0D2BC3F70600E5C4C6 /* AUInstreamView.swift in Sources */,
				584392002BBD63640053B583 /* AUContextType.swift in Sources */,
				58436AA02C06231200E83155 /* AUSQLiteDataBaseCreator.swift in Sources */,
				58D9BC622BEBB06B000C4149 /* AuNativeImage.swift in Sources */,
				58D9BC472BE922E1000C4149 /* AUInstreamView_Private.swift in Sources */,
				584392042BBD88A50053B583 /* AUPlacementType.swift in Sources */,
				58249B0A2BC04FCF00E5C4C6 /* AUAdViewUtils.swift in Sources */,
				586A878E2BC946FE00F997BD /* AURewardedAdUnitDelegate.swift in Sources */,
				58D9BC722BEBBD0D000C4149 /* AUNativeAdEventDelegate.swift in Sources */,
				58D9BC6E2BEBBAE9000C4149 /* AUNativeDataAssetType.swift in Sources */,
				58927A242BE0E5DA001A0F45 /* AUBannerView.swift in Sources */,
				583B555B2BD6727F00226302 /* AUMORTBContentData_Internal.swift in Sources */,
				58D9BC6A2BEBB48D000C4149 /* AUNativeAdMarkupAsset.swift in Sources */,
				58AECFF02C29B9C70020E98D /* AUAPIError.swift in Sources */,
				58436ACF2C09BE3C00E83155 /* AUCloseAdEvent.swift in Sources */,
				58436ABC2C076C1F00E83155 /* AUHTTPType.swift in Sources */,
				58D9BC402BE9150A000C4149 /* AUNativeView_Private.swift in Sources */,
				582428742C10A1F3004539DD /* AURewardedHandler.swift in Sources */,
				586753FD2C4F9B94005937C2 /* DateExtension.swift in Sources */,
				58436AC52C09BD7800E83155 /* AUBidWinnerEven.swift in Sources */,
				58436AD52C09C5BC00E83155 /* AUBannerHandler.swift in Sources */,
				58436ABE2C08707800E83155 /* Common.swift in Sources */,
				58DCF5472BDFCCAC00683A3E /* AUNativeAsset.swift in Sources */,
				585A79722BC97FDF005D531C /* AUInterstitialRenderingView.swift in Sources */,
				585608772BB190BE00F9F073 /* AUInterstitialView.swift in Sources */,
				58F8BD122C1731F000E08F1E /* BoolExtension.swift in Sources */,
				58D9BC592BEA1A41000C4149 /* AUAdPosition.swift in Sources */,
				583B55552BD66F5B00226302 /* AUMORTBAppContent_Internal.swift in Sources */,
				58436ACD2C09BE1200E83155 /* AUAdCreationEvent.swift in Sources */,
				58D9BC3E2BE913F2000C4149 /* AUInterstitialView_Private.swift in Sources */,
				58F8BD062C1700BA00E08F1E /* AUScreenImpression.swift in Sources */,
				58D9BC702BEBBC6E000C4149 /* AUNativeImageAssetType.swift in Sources */,
			);
			runOnlyForDeploymentPostprocessing = 0;
		};
		58F8779A2BA09CE90093CD63 /* Sources */ = {
			isa = PBXSourcesBuildPhase;
			buildActionMask = 2147483647;
			files = (
				58EB06F82C21972B00CE6E86 /* AUBannerParameters_Private.swift in Sources */,
				58EB06DE2C21957800CE6E86 /* AUAdUnitConfigurationProtocols.swift in Sources */,
				58EB06BC2C2194B300CE6E86 /* AURewardedHandler.swift in Sources */,
				58EB06C12C2194C700CE6E86 /* AULocalStorageService.swift in Sources */,
				585608782BB190BE00F9F073 /* AUInterstitialView.swift in Sources */,
				58EB06EC2C21964D00CE6E86 /* AUInterstitialRenderingConfiguration.swift in Sources */,
				58EB06ED2C21964D00CE6E86 /* AURewardedRenderingConfiguration.swift in Sources */,
				58EB06EE2C21964D00CE6E86 /* AUBannerRenderingConfiguration.swift in Sources */,
				58EB06C62C2194E300CE6E86 /* AUEventsNetworkManager.swift in Sources */,
				58D078B32C23133900D49175 /* AULocalServiceTests.swift in Sources */,
				58EB06D52C21957100CE6E86 /* AUBannerView.swift in Sources */,
				58EB06E52C2195E200CE6E86 /* UIViewExtension.swift in Sources */,
				58EB06C72C2194E300CE6E86 /* AUFailedLoadEvent.swift in Sources */,
				58EB06C82C2194E300CE6E86 /* AUAdCreationEvent.swift in Sources */,
				58EB06E32C2195C400CE6E86 /* AUMORTBAppContent.swift in Sources */,
				58EB06C92C2194E300CE6E86 /* AUScreenImpression.swift in Sources */,
				585A43422C3EB62200A883A7 /* AURequestBuilder.swift in Sources */,
				58EB06CA2C2194E300CE6E86 /* AUHTTPType.swift in Sources */,
				58EB06E02C2195A100CE6E86 /* AURewardedView.swift in Sources */,
				58D078B42C23133900D49175 /* AULocalStorageServiceTests.swift in Sources */,
				58EB06CB2C2194E300CE6E86 /* AUBidRequestEvent.swift in Sources */,
				58EB06CC2C2194E300CE6E86 /* Common.swift in Sources */,
				58EB06CD2C2194E300CE6E86 /* AUCloseAdEvent.swift in Sources */,
				58EB06E62C21960400CE6E86 /* AUAdUnitConfiguration.swift in Sources */,
				58EB06E72C21961400CE6E86 /* BoolExtension.swift in Sources */,
				58D078B02C23132A00D49175 /* ModelsMapperTests.swift in Sources */,
				58EB06F02C21965E00CE6E86 /* AUInterstitialView_Private.swift in Sources */,
				58EB06F12C21965E00CE6E86 /* AURewardedView_Private.swift in Sources */,
				58EB06F22C21965E00CE6E86 /* AUBannerView_Private.swift in Sources */,
				58D078AF2C23132A00D49175 /* TestableModel.swift in Sources */,
				58EB06EB2C21964600CE6E86 /* AUAdUnitConfiguration_Private.swift in Sources */,
				58EB06CF2C2194E300CE6E86 /* AUBidWinnerEven.swift in Sources */,
				58EB06E22C2195B700CE6E86 /* AUAdParameters.swift in Sources */,
				58EB06D02C2194E300CE6E86 /* AUAdClickEvent.swift in Sources */,
				585608752BB18E2F00F9F073 /* AUVideoParameters.swift in Sources */,
				58EB06C22C2194CB00CE6E86 /* AUEventDB.swift in Sources */,
				585A434C2C3EB64A00A883A7 /* AUAPIError.swift in Sources */,
				58EB06EA2C21963F00CE6E86 /* AUMORTBContentData_Internal.swift in Sources */,
				5856086F2BADD62A00F9F073 /* AdVideoPropertyParameters.swift in Sources */,
				58EB06C32C2194D200CE6E86 /* AULocalStorageAdditions.swift in Sources */,
				58EB06E92C21962C00CE6E86 /* AUMORTBAppContent_Internal.swift in Sources */,
				58EB06E12C2195A800CE6E86 /* VisibleView.swift in Sources */,
				58EB06C42C2194D200CE6E86 /* AUSQLiteDataBaseCreator.swift in Sources */,
				58EB06E82C21962400CE6E86 /* AUVideoParameters_Private.swift in Sources */,
				58EB06C52C2194D200CE6E86 /* AUSQLiteConfigurator.swift in Sources */,
				58EB06BF2C2194BF00CE6E86 /* AUScreenImpressionManager.swift in Sources */,
				58EB06DF2C21958E00CE6E86 /* AUAdFormat.swift in Sources */,
				5856084C2BAC7A3B00F9F073 /* AUAdView.swift in Sources */,
				58F877A42BA09CE90093CD63 /* AudienzziOSSDKTests.swift in Sources */,
				58EB06E42C2195C800CE6E86 /* AUMORTBContentData.swift in Sources */,
				58EB06BD2C2194B800CE6E86 /* AUInterstitialHandler.swift in Sources */,
				585A434B2C3EB63500A883A7 /* AUBatchResultModel.swift in Sources */,
				58EB06C02C2194C100CE6E86 /* AUEventsManager.swift in Sources */,
				58EB06B32C2194B100CE6E86 /* AULogEvent.swift in Sources */,
				58EB06BE2C2194BA00CE6E86 /* AUBannerHandler.swift in Sources */,
				58EB06F72C2196E500CE6E86 /* AUBannerParameters.swift in Sources */,
			);
			runOnlyForDeploymentPostprocessing = 0;
		};
/* End PBXSourcesBuildPhase section */

/* Begin PBXTargetDependency section */
		58F877A12BA09CE90093CD63 /* PBXTargetDependency */ = {
			isa = PBXTargetDependency;
			target = 58F877952BA09CE90093CD63 /* AudienzziOSSDK */;
			targetProxy = 58F877A02BA09CE90093CD63 /* PBXContainerItemProxy */;
		};
/* End PBXTargetDependency section */

/* Begin XCBuildConfiguration section */
		58F877A62BA09CE90093CD63 /* Debug */ = {
			isa = XCBuildConfiguration;
			buildSettings = {
				ALWAYS_SEARCH_USER_PATHS = NO;
				ASSETCATALOG_COMPILER_GENERATE_SWIFT_ASSET_SYMBOL_EXTENSIONS = YES;
				CLANG_ANALYZER_NONNULL = YES;
				CLANG_ANALYZER_NUMBER_OBJECT_CONVERSION = YES_AGGRESSIVE;
				CLANG_CXX_LANGUAGE_STANDARD = "gnu++20";
				CLANG_ENABLE_MODULES = YES;
				CLANG_ENABLE_OBJC_ARC = YES;
				CLANG_ENABLE_OBJC_WEAK = YES;
				CLANG_WARN_BLOCK_CAPTURE_AUTORELEASING = YES;
				CLANG_WARN_BOOL_CONVERSION = YES;
				CLANG_WARN_COMMA = YES;
				CLANG_WARN_CONSTANT_CONVERSION = YES;
				CLANG_WARN_DEPRECATED_OBJC_IMPLEMENTATIONS = YES;
				CLANG_WARN_DIRECT_OBJC_ISA_USAGE = YES_ERROR;
				CLANG_WARN_DOCUMENTATION_COMMENTS = YES;
				CLANG_WARN_EMPTY_BODY = YES;
				CLANG_WARN_ENUM_CONVERSION = YES;
				CLANG_WARN_INFINITE_RECURSION = YES;
				CLANG_WARN_INT_CONVERSION = YES;
				CLANG_WARN_NON_LITERAL_NULL_CONVERSION = YES;
				CLANG_WARN_OBJC_IMPLICIT_RETAIN_SELF = YES;
				CLANG_WARN_OBJC_LITERAL_CONVERSION = YES;
				CLANG_WARN_OBJC_ROOT_CLASS = YES_ERROR;
				CLANG_WARN_QUOTED_INCLUDE_IN_FRAMEWORK_HEADER = YES;
				CLANG_WARN_RANGE_LOOP_ANALYSIS = YES;
				CLANG_WARN_STRICT_PROTOTYPES = YES;
				CLANG_WARN_SUSPICIOUS_MOVE = YES;
				CLANG_WARN_UNGUARDED_AVAILABILITY = YES_AGGRESSIVE;
				CLANG_WARN_UNREACHABLE_CODE = YES;
				CLANG_WARN__DUPLICATE_METHOD_MATCH = YES;
				COPY_PHASE_STRIP = NO;
				CURRENT_PROJECT_VERSION = 1;
				DEBUG_INFORMATION_FORMAT = dwarf;
				ENABLE_STRICT_OBJC_MSGSEND = YES;
				ENABLE_TESTABILITY = YES;
				ENABLE_USER_SCRIPT_SANDBOXING = YES;
				GCC_C_LANGUAGE_STANDARD = gnu17;
				GCC_DYNAMIC_NO_PIC = NO;
				GCC_NO_COMMON_BLOCKS = YES;
				GCC_OPTIMIZATION_LEVEL = 0;
				GCC_PREPROCESSOR_DEFINITIONS = (
					"DEBUG=1",
					"$(inherited)",
				);
				GCC_WARN_64_TO_32_BIT_CONVERSION = YES;
				GCC_WARN_ABOUT_RETURN_TYPE = YES_ERROR;
				GCC_WARN_UNDECLARED_SELECTOR = YES;
				GCC_WARN_UNINITIALIZED_AUTOS = YES_AGGRESSIVE;
				GCC_WARN_UNUSED_FUNCTION = YES;
				GCC_WARN_UNUSED_VARIABLE = YES;
				IPHONEOS_DEPLOYMENT_TARGET = 16.0;
				LOCALIZATION_PREFERS_STRING_CATALOGS = YES;
				MTL_ENABLE_DEBUG_INFO = INCLUDE_SOURCE;
				MTL_FAST_MATH = YES;
				ONLY_ACTIVE_ARCH = YES;
				SDKROOT = iphoneos;
				SWIFT_ACTIVE_COMPILATION_CONDITIONS = "DEBUG $(inherited)";
				SWIFT_OPTIMIZATION_LEVEL = "-Onone";
				VERSIONING_SYSTEM = "apple-generic";
				VERSION_INFO_PREFIX = "";
			};
			name = Debug;
		};
		58F877A72BA09CE90093CD63 /* Release */ = {
			isa = XCBuildConfiguration;
			buildSettings = {
				ALWAYS_SEARCH_USER_PATHS = NO;
				ASSETCATALOG_COMPILER_GENERATE_SWIFT_ASSET_SYMBOL_EXTENSIONS = YES;
				CLANG_ANALYZER_NONNULL = YES;
				CLANG_ANALYZER_NUMBER_OBJECT_CONVERSION = YES_AGGRESSIVE;
				CLANG_CXX_LANGUAGE_STANDARD = "gnu++20";
				CLANG_ENABLE_MODULES = YES;
				CLANG_ENABLE_OBJC_ARC = YES;
				CLANG_ENABLE_OBJC_WEAK = YES;
				CLANG_WARN_BLOCK_CAPTURE_AUTORELEASING = YES;
				CLANG_WARN_BOOL_CONVERSION = YES;
				CLANG_WARN_COMMA = YES;
				CLANG_WARN_CONSTANT_CONVERSION = YES;
				CLANG_WARN_DEPRECATED_OBJC_IMPLEMENTATIONS = YES;
				CLANG_WARN_DIRECT_OBJC_ISA_USAGE = YES_ERROR;
				CLANG_WARN_DOCUMENTATION_COMMENTS = YES;
				CLANG_WARN_EMPTY_BODY = YES;
				CLANG_WARN_ENUM_CONVERSION = YES;
				CLANG_WARN_INFINITE_RECURSION = YES;
				CLANG_WARN_INT_CONVERSION = YES;
				CLANG_WARN_NON_LITERAL_NULL_CONVERSION = YES;
				CLANG_WARN_OBJC_IMPLICIT_RETAIN_SELF = YES;
				CLANG_WARN_OBJC_LITERAL_CONVERSION = YES;
				CLANG_WARN_OBJC_ROOT_CLASS = YES_ERROR;
				CLANG_WARN_QUOTED_INCLUDE_IN_FRAMEWORK_HEADER = YES;
				CLANG_WARN_RANGE_LOOP_ANALYSIS = YES;
				CLANG_WARN_STRICT_PROTOTYPES = YES;
				CLANG_WARN_SUSPICIOUS_MOVE = YES;
				CLANG_WARN_UNGUARDED_AVAILABILITY = YES_AGGRESSIVE;
				CLANG_WARN_UNREACHABLE_CODE = YES;
				CLANG_WARN__DUPLICATE_METHOD_MATCH = YES;
				COPY_PHASE_STRIP = NO;
				CURRENT_PROJECT_VERSION = 1;
				DEBUG_INFORMATION_FORMAT = "dwarf-with-dsym";
				ENABLE_NS_ASSERTIONS = NO;
				ENABLE_STRICT_OBJC_MSGSEND = YES;
				ENABLE_USER_SCRIPT_SANDBOXING = YES;
				GCC_C_LANGUAGE_STANDARD = gnu17;
				GCC_NO_COMMON_BLOCKS = YES;
				GCC_WARN_64_TO_32_BIT_CONVERSION = YES;
				GCC_WARN_ABOUT_RETURN_TYPE = YES_ERROR;
				GCC_WARN_UNDECLARED_SELECTOR = YES;
				GCC_WARN_UNINITIALIZED_AUTOS = YES_AGGRESSIVE;
				GCC_WARN_UNUSED_FUNCTION = YES;
				GCC_WARN_UNUSED_VARIABLE = YES;
				IPHONEOS_DEPLOYMENT_TARGET = 16.0;
				LOCALIZATION_PREFERS_STRING_CATALOGS = YES;
				MTL_ENABLE_DEBUG_INFO = NO;
				MTL_FAST_MATH = YES;
				SDKROOT = iphoneos;
				SWIFT_COMPILATION_MODE = wholemodule;
				VALIDATE_PRODUCT = YES;
				VERSIONING_SYSTEM = "apple-generic";
				VERSION_INFO_PREFIX = "";
			};
			name = Release;
		};
		58F877A92BA09CE90093CD63 /* Debug */ = {
			isa = XCBuildConfiguration;
			baseConfigurationReference = 3485492388E3634B65EA9DBD /* Pods-AudienzziOSSDK.debug.xcconfig */;
			buildSettings = {
				BUILD_LIBRARY_FOR_DISTRIBUTION = YES;
				CLANG_ENABLE_MODULES = YES;
				CODE_SIGN_STYLE = Automatic;
				CURRENT_PROJECT_VERSION = 1;
				DEFINES_MODULE = YES;
				DYLIB_COMPATIBILITY_VERSION = 1;
				DYLIB_CURRENT_VERSION = 1;
				DYLIB_INSTALL_NAME_BASE = "@rpath";
				ENABLE_MODULE_VERIFIER = YES;
				ENABLE_USER_SCRIPT_SANDBOXING = NO;
				GENERATE_INFOPLIST_FILE = YES;
				INFOPLIST_KEY_NSHumanReadableCopyright = "";
				INFOPLIST_KEY_NSUserTrackingUsageDescription = "App would like to access IDFA for tracking purpose";
				INSTALL_PATH = "$(LOCAL_LIBRARY_DIR)/Frameworks";
				IPHONEOS_DEPLOYMENT_TARGET = 16.0;
				LD_RUNPATH_SEARCH_PATHS = (
					"$(inherited)",
					"@executable_path/Frameworks",
					"@loader_path/Frameworks",
					"$(BUILT_PRODUCTS_DIR)/SQLite",
					"$(BUILT_PRODUCTS_DIR)/PrebidMobile",
					"$(BUILT_PRODUCTS_DIR)/PrebidMobileGAMEventHandlers",
				);
				MARKETING_VERSION = 1.0;
				MODULE_VERIFIER_SUPPORTED_LANGUAGES = "objective-c objective-c++";
				MODULE_VERIFIER_SUPPORTED_LANGUAGE_STANDARDS = "gnu17 gnu++20";
				ONLY_ACTIVE_ARCH = NO;
				PRODUCT_BUNDLE_IDENTIFIER = ch.audienzzios.AudienzziOSSDK;
				PRODUCT_NAME = "$(TARGET_NAME:c99extidentifier)";
				SKIP_INSTALL = YES;
				SUPPORTED_PLATFORMS = "iphoneos iphonesimulator";
				SUPPORTS_MACCATALYST = YES;
				SUPPORTS_XR_DESIGNED_FOR_IPHONE_IPAD = NO;
				SWIFT_EMIT_LOC_STRINGS = NO;
				SWIFT_OBJC_BRIDGING_HEADER = "";
				SWIFT_OPTIMIZATION_LEVEL = "-Onone";
				SWIFT_VERSION = 5.0;
				TARGETED_DEVICE_FAMILY = "1,2";
			};
			name = Debug;
		};
		58F877AA2BA09CE90093CD63 /* Release */ = {
			isa = XCBuildConfiguration;
			baseConfigurationReference = B5E5FA6643136DAF31C90F09 /* Pods-AudienzziOSSDK.release.xcconfig */;
			buildSettings = {
				BUILD_LIBRARY_FOR_DISTRIBUTION = YES;
				CLANG_ENABLE_MODULES = YES;
				CODE_SIGN_STYLE = Automatic;
				CURRENT_PROJECT_VERSION = 1;
				DEFINES_MODULE = YES;
				DYLIB_COMPATIBILITY_VERSION = 1;
				DYLIB_CURRENT_VERSION = 1;
				DYLIB_INSTALL_NAME_BASE = "@rpath";
				ENABLE_MODULE_VERIFIER = YES;
				ENABLE_USER_SCRIPT_SANDBOXING = NO;
				GENERATE_INFOPLIST_FILE = YES;
				INFOPLIST_KEY_NSHumanReadableCopyright = "";
				INFOPLIST_KEY_NSUserTrackingUsageDescription = "App would like to access IDFA for tracking purpose";
				INSTALL_PATH = "$(LOCAL_LIBRARY_DIR)/Frameworks";
				IPHONEOS_DEPLOYMENT_TARGET = 16.0;
				LD_RUNPATH_SEARCH_PATHS = (
					"$(inherited)",
					"@executable_path/Frameworks",
					"@loader_path/Frameworks",
					"$(BUILT_PRODUCTS_DIR)/SQLite",
					"$(BUILT_PRODUCTS_DIR)/PrebidMobile",
					"$(BUILT_PRODUCTS_DIR)/PrebidMobileGAMEventHandlers",
				);
				MARKETING_VERSION = 1.0;
				MODULE_VERIFIER_SUPPORTED_LANGUAGES = "objective-c objective-c++";
				MODULE_VERIFIER_SUPPORTED_LANGUAGE_STANDARDS = "gnu17 gnu++20";
				PRODUCT_BUNDLE_IDENTIFIER = ch.audienzzios.AudienzziOSSDK;
				PRODUCT_NAME = "$(TARGET_NAME:c99extidentifier)";
				SKIP_INSTALL = YES;
				SUPPORTED_PLATFORMS = "iphoneos iphonesimulator";
				SUPPORTS_MACCATALYST = YES;
				SUPPORTS_XR_DESIGNED_FOR_IPHONE_IPAD = NO;
				SWIFT_EMIT_LOC_STRINGS = NO;
				SWIFT_OBJC_BRIDGING_HEADER = "";
				SWIFT_VERSION = 5.0;
				TARGETED_DEVICE_FAMILY = "1,2";
			};
			name = Release;
		};
		58F877AC2BA09CE90093CD63 /* Debug */ = {
			isa = XCBuildConfiguration;
			baseConfigurationReference = C13728C4DCDC93D6AF6FFD45 /* Pods-AudienzziOSSDK-AudienzziOSSDKTests.debug.xcconfig */;
			buildSettings = {
				ALWAYS_EMBED_SWIFT_STANDARD_LIBRARIES = YES;
				CODE_SIGN_STYLE = Automatic;
				CURRENT_PROJECT_VERSION = 1;
				ENABLE_USER_SCRIPT_SANDBOXING = NO;
				GENERATE_INFOPLIST_FILE = YES;
				MARKETING_VERSION = 1.0;
				PRODUCT_BUNDLE_IDENTIFIER = ch.audienzzios.AudienzziOSSDKTests;
				PRODUCT_NAME = "$(TARGET_NAME)";
				SUPPORTED_PLATFORMS = "iphoneos iphonesimulator";
				SUPPORTS_MACCATALYST = YES;
				SUPPORTS_XR_DESIGNED_FOR_IPHONE_IPAD = NO;
				SWIFT_EMIT_LOC_STRINGS = NO;
				SWIFT_VERSION = 5.0;
				TARGETED_DEVICE_FAMILY = "1,2";
			};
			name = Debug;
		};
		58F877AD2BA09CE90093CD63 /* Release */ = {
			isa = XCBuildConfiguration;
			baseConfigurationReference = EAFF11E632B1218CDE74BAC6 /* Pods-AudienzziOSSDK-AudienzziOSSDKTests.release.xcconfig */;
			buildSettings = {
				ALWAYS_EMBED_SWIFT_STANDARD_LIBRARIES = YES;
				CODE_SIGN_STYLE = Automatic;
				CURRENT_PROJECT_VERSION = 1;
				ENABLE_USER_SCRIPT_SANDBOXING = NO;
				GENERATE_INFOPLIST_FILE = YES;
				MARKETING_VERSION = 1.0;
				PRODUCT_BUNDLE_IDENTIFIER = ch.audienzzios.AudienzziOSSDKTests;
				PRODUCT_NAME = "$(TARGET_NAME)";
				SUPPORTED_PLATFORMS = "iphoneos iphonesimulator";
				SUPPORTS_MACCATALYST = YES;
				SUPPORTS_XR_DESIGNED_FOR_IPHONE_IPAD = NO;
				SWIFT_EMIT_LOC_STRINGS = NO;
				SWIFT_VERSION = 5.0;
				TARGETED_DEVICE_FAMILY = "1,2";
			};
			name = Release;
		};
/* End XCBuildConfiguration section */

/* Begin XCConfigurationList section */
		58F877902BA09CE90093CD63 /* Build configuration list for PBXProject "AudienzziOSSDK" */ = {
			isa = XCConfigurationList;
			buildConfigurations = (
				58F877A62BA09CE90093CD63 /* Debug */,
				58F877A72BA09CE90093CD63 /* Release */,
			);
			defaultConfigurationIsVisible = 0;
			defaultConfigurationName = Release;
		};
		58F877A82BA09CE90093CD63 /* Build configuration list for PBXNativeTarget "AudienzziOSSDK" */ = {
			isa = XCConfigurationList;
			buildConfigurations = (
				58F877A92BA09CE90093CD63 /* Debug */,
				58F877AA2BA09CE90093CD63 /* Release */,
			);
			defaultConfigurationIsVisible = 0;
			defaultConfigurationName = Release;
		};
		58F877AB2BA09CE90093CD63 /* Build configuration list for PBXNativeTarget "AudienzziOSSDKTests" */ = {
			isa = XCConfigurationList;
			buildConfigurations = (
				58F877AC2BA09CE90093CD63 /* Debug */,
				58F877AD2BA09CE90093CD63 /* Release */,
			);
			defaultConfigurationIsVisible = 0;
			defaultConfigurationName = Release;
		};
/* End XCConfigurationList section */
	};
	rootObject = 58F8778D2BA09CE90093CD63 /* Project object */;
}
